// !$*UTF8*$!
{
	archiveVersion = 1;
	classes = {
	};
	objectVersion = 46;
	objects = {

/* Begin PBXBuildFile section */
		7A04ED521B3E720100E884FD /* entroLogo.png in Resources */ = {isa = PBXBuildFile; fileRef = 7A04ED511B3E720100E884FD /* entroLogo.png */; };
		7A0C1DBF1B307AF900C52A5D /* Manage_home.swift in Sources */ = {isa = PBXBuildFile; fileRef = 7A0C1DBE1B307AF900C52A5D /* Manage_home.swift */; };
		7A1FF2441B4AA1E600CEFDAF /* MainAction.swift in Sources */ = {isa = PBXBuildFile; fileRef = 7A1FF2431B4AA1E600CEFDAF /* MainAction.swift */; };
		7A1FF2461B4AE48300CEFDAF /* newAlbum.png in Resources */ = {isa = PBXBuildFile; fileRef = 7A1FF2451B4AE48300CEFDAF /* newAlbum.png */; };
		7A1FF2471B4AE48300CEFDAF /* newAlbum.png in Resources */ = {isa = PBXBuildFile; fileRef = 7A1FF2451B4AE48300CEFDAF /* newAlbum.png */; };
		7A2021D31B3C41CF0048AD7C /* camara.png in Resources */ = {isa = PBXBuildFile; fileRef = 7A2021D21B3C41CF0048AD7C /* camara.png */; };
		7A2021D51B3C41DC0048AD7C /* arrow.png in Resources */ = {isa = PBXBuildFile; fileRef = 7A2021D41B3C41DC0048AD7C /* arrow.png */; };
		7A23A9651B3E7913009B2E53 /* icon_1.png in Resources */ = {isa = PBXBuildFile; fileRef = 7A23A95E1B3E7913009B2E53 /* icon_1.png */; };
		7A23A9661B3E7913009B2E53 /* icon_2.png in Resources */ = {isa = PBXBuildFile; fileRef = 7A23A95F1B3E7913009B2E53 /* icon_2.png */; };
		7A23A9671B3E7913009B2E53 /* icon_3.png in Resources */ = {isa = PBXBuildFile; fileRef = 7A23A9601B3E7913009B2E53 /* icon_3.png */; };
		7A23A9681B3E7913009B2E53 /* icon_4.png in Resources */ = {isa = PBXBuildFile; fileRef = 7A23A9611B3E7913009B2E53 /* icon_4.png */; };
		7A23A9691B3E7913009B2E53 /* icon_5.png in Resources */ = {isa = PBXBuildFile; fileRef = 7A23A9621B3E7913009B2E53 /* icon_5.png */; };
		7A23A96A1B3E7913009B2E53 /* icon_6.png in Resources */ = {isa = PBXBuildFile; fileRef = 7A23A9631B3E7913009B2E53 /* icon_6.png */; };
		7A23A96B1B3E7913009B2E53 /* icon_7.png in Resources */ = {isa = PBXBuildFile; fileRef = 7A23A9641B3E7913009B2E53 /* icon_7.png */; };
		7A49DC971B3544A7004FAF14 /* Manage_imagePicker.swift in Sources */ = {isa = PBXBuildFile; fileRef = 7A49DC961B3544A7004FAF14 /* Manage_imagePicker.swift */; };
		7A49DC9A1B354DB4004FAF14 /* pic_selected.png in Resources */ = {isa = PBXBuildFile; fileRef = 7A49DC981B354DB4004FAF14 /* pic_selected.png */; };
		7A49DC9B1B354DB4004FAF14 /* pic_unSelected.png in Resources */ = {isa = PBXBuildFile; fileRef = 7A49DC991B354DB4004FAF14 /* pic_unSelected.png */; };
		7A8E3E041B4B9A7200243FA5 /* addIcon.png in Resources */ = {isa = PBXBuildFile; fileRef = 7A8E3E031B4B9A7200243FA5 /* addIcon.png */; };
		7A8E3E051B4B9A7200243FA5 /* addIcon.png in Resources */ = {isa = PBXBuildFile; fileRef = 7A8E3E031B4B9A7200243FA5 /* addIcon.png */; };
		7A9C86C01B32D52D0051D067 /* 1.png in Resources */ = {isa = PBXBuildFile; fileRef = 7A9C86B91B32D52D0051D067 /* 1.png */; };
		7A9C86C11B32D52D0051D067 /* 2.png in Resources */ = {isa = PBXBuildFile; fileRef = 7A9C86BA1B32D52D0051D067 /* 2.png */; };
		7A9C86C21B32D52D0051D067 /* 3.png in Resources */ = {isa = PBXBuildFile; fileRef = 7A9C86BB1B32D52D0051D067 /* 3.png */; };
		7A9C86C31B32D52D0051D067 /* 4.png in Resources */ = {isa = PBXBuildFile; fileRef = 7A9C86BC1B32D52D0051D067 /* 4.png */; };
		7A9C86C41B32D52D0051D067 /* 5.png in Resources */ = {isa = PBXBuildFile; fileRef = 7A9C86BD1B32D52D0051D067 /* 5.png */; };
		7A9C86C51B32D52D0051D067 /* 6.png in Resources */ = {isa = PBXBuildFile; fileRef = 7A9C86BE1B32D52D0051D067 /* 6.png */; };
		7A9C86C61B32D52D0051D067 /* 7.png in Resources */ = {isa = PBXBuildFile; fileRef = 7A9C86BF1B32D52D0051D067 /* 7.png */; };
		7A9C86C81B32DD490051D067 /* AlbumListCell.swift in Sources */ = {isa = PBXBuildFile; fileRef = 7A9C86C71B32DD490051D067 /* AlbumListCell.swift */; };
		7A9C86CA1B3348700051D067 /* Manage_show.swift in Sources */ = {isa = PBXBuildFile; fileRef = 7A9C86C91B3348700051D067 /* Manage_show.swift */; };
		7AA0E1B01B46779E0070538F /* CoreAction.swift in Sources */ = {isa = PBXBuildFile; fileRef = 7AA0E1AF1B46779E0070538F /* CoreAction.swift */; };
		7AA180A51B34034D005B42C0 /* CustomLayout.swift in Sources */ = {isa = PBXBuildFile; fileRef = 7AA180A41B34034D005B42C0 /* CustomLayout.swift */; };
		7AA180A71B341006005B42C0 /* PicsShowCell.swift in Sources */ = {isa = PBXBuildFile; fileRef = 7AA180A61B341006005B42C0 /* PicsShowCell.swift */; };
		7AA180A91B3413EB005B42C0 /* Manage_pic.swift in Sources */ = {isa = PBXBuildFile; fileRef = 7AA180A81B3413EB005B42C0 /* Manage_pic.swift */; };
		7AA26BA31B4D6DC0006CDC61 /* Setting_tags.swift in Sources */ = {isa = PBXBuildFile; fileRef = 7AA26BA21B4D6DC0006CDC61 /* Setting_tags.swift */; };
		7AA26BA51B4D7052006CDC61 /* Setting_sample.swift in Sources */ = {isa = PBXBuildFile; fileRef = 7AA26BA41B4D7052006CDC61 /* Setting_sample.swift */; };
		7AA26BA71B4D8C56006CDC61 /* icon_choose.png in Resources */ = {isa = PBXBuildFile; fileRef = 7AA26BA61B4D8C56006CDC61 /* icon_choose.png */; };
		7AA26BA81B4D8C56006CDC61 /* icon_choose.png in Resources */ = {isa = PBXBuildFile; fileRef = 7AA26BA61B4D8C56006CDC61 /* icon_choose.png */; };
		7AA26BAA1B4D8E69006CDC61 /* icon_unchoose.png in Resources */ = {isa = PBXBuildFile; fileRef = 7AA26BA91B4D8E69006CDC61 /* icon_unchoose.png */; };
		7AA26BAB1B4D8E69006CDC61 /* icon_unchoose.png in Resources */ = {isa = PBXBuildFile; fileRef = 7AA26BA91B4D8E69006CDC61 /* icon_unchoose.png */; };
		7AA26BAD1B4D9A15006CDC61 /* Setting_reply.swift in Sources */ = {isa = PBXBuildFile; fileRef = 7AA26BAC1B4D9A15006CDC61 /* Setting_reply.swift */; };
		7AA26BAE1B4D9A15006CDC61 /* Setting_reply.swift in Sources */ = {isa = PBXBuildFile; fileRef = 7AA26BAC1B4D9A15006CDC61 /* Setting_reply.swift */; };
		7AA26BB01B4D9A34006CDC61 /* Setting_power.swift in Sources */ = {isa = PBXBuildFile; fileRef = 7AA26BAF1B4D9A34006CDC61 /* Setting_power.swift */; };
		7AA26BB11B4D9A34006CDC61 /* Setting_power.swift in Sources */ = {isa = PBXBuildFile; fileRef = 7AA26BAF1B4D9A34006CDC61 /* Setting_power.swift */; };
		7AA26BB31B4D9A57006CDC61 /* Setting_range.swift in Sources */ = {isa = PBXBuildFile; fileRef = 7AA26BB21B4D9A57006CDC61 /* Setting_range.swift */; };
		7AA26BB41B4D9A57006CDC61 /* Setting_range.swift in Sources */ = {isa = PBXBuildFile; fileRef = 7AA26BB21B4D9A57006CDC61 /* Setting_range.swift */; };
		7AA6A8CB1B4777C200D9E604 /* MainInterface.swift in Sources */ = {isa = PBXBuildFile; fileRef = 7AA6A8CA1B4777C200D9E604 /* MainInterface.swift */; };
		7AA740A61B347D690064C9C9 /* Manage_new.swift in Sources */ = {isa = PBXBuildFile; fileRef = 7AA740A51B347D690064C9C9 /* Manage_new.swift */; };
		7AA887C51B3F963B006BC338 /* icon_alert.png in Resources */ = {isa = PBXBuildFile; fileRef = 7AA887C41B3F963B006BC338 /* icon_alert.png */; };
		7AA9ACB31B5133C0006B41FE /* PicView.swift in Sources */ = {isa = PBXBuildFile; fileRef = 7AA9ACB21B5133C0006B41FE /* PicView.swift */; };
		7AC247471B4A669F00A5187B /* AlbumList.plist in Resources */ = {isa = PBXBuildFile; fileRef = 7AC247461B4A669F00A5187B /* AlbumList.plist */; };
		7AC55DAE1B3E97EE00FDC851 /* SocialHomeCell.swift in Sources */ = {isa = PBXBuildFile; fileRef = 7AC55DAD1B3E97EE00FDC851 /* SocialHomeCell.swift */; };
		7AC55DB01B3E9C7D00FDC851 /* LayoutForSocailHome.swift in Sources */ = {isa = PBXBuildFile; fileRef = 7AC55DAF1B3E9C7D00FDC851 /* LayoutForSocailHome.swift */; };
		7AC783831B405B6A00A75214 /* MyHomepage.swift in Sources */ = {isa = PBXBuildFile; fileRef = 7AC783821B405B6A00A75214 /* MyHomepage.swift */; };
		7ACFB3851B591A21007F9AB8 /* Manage_PicsToAlbum.swift in Sources */ = {isa = PBXBuildFile; fileRef = 7ACFB3841B591A21007F9AB8 /* Manage_PicsToAlbum.swift */; };
		7ADD50091B2D402000E44F99 /* AppDelegate.swift in Sources */ = {isa = PBXBuildFile; fileRef = 7ADD50081B2D402000E44F99 /* AppDelegate.swift */; };
		7ADD500C1B2D402000E44F99 /* Picturers.xcdatamodeld in Sources */ = {isa = PBXBuildFile; fileRef = 7ADD500A1B2D402000E44F99 /* Picturers.xcdatamodeld */; };
		7ADD500E1B2D402000E44F99 /* ViewController.swift in Sources */ = {isa = PBXBuildFile; fileRef = 7ADD500D1B2D402000E44F99 /* ViewController.swift */; };
		7ADD50111B2D402000E44F99 /* Main.storyboard in Resources */ = {isa = PBXBuildFile; fileRef = 7ADD500F1B2D402000E44F99 /* Main.storyboard */; };
		7ADD50131B2D402000E44F99 /* Images.xcassets in Resources */ = {isa = PBXBuildFile; fileRef = 7ADD50121B2D402000E44F99 /* Images.xcassets */; };
		7ADD50161B2D402000E44F99 /* LaunchScreen.xib in Resources */ = {isa = PBXBuildFile; fileRef = 7ADD50141B2D402000E44F99 /* LaunchScreen.xib */; };
		7ADD50221B2D402000E44F99 /* PicturersTests.swift in Sources */ = {isa = PBXBuildFile; fileRef = 7ADD50211B2D402000E44F99 /* PicturersTests.swift */; };
		7AEBE2CD1B54C76A00FC6E9D /* Manage_description.swift in Sources */ = {isa = PBXBuildFile; fileRef = 7AEBE2CC1B54C76A00FC6E9D /* Manage_description.swift */; };
		7AEC21281B3D9CE800D19D22 /* Social_home.swift in Sources */ = {isa = PBXBuildFile; fileRef = 7AEC21271B3D9CE800D19D22 /* Social_home.swift */; };
		7AEC212A1B3DA09600D19D22 /* SocialAlbumCell.swift in Sources */ = {isa = PBXBuildFile; fileRef = 7AEC21291B3DA09600D19D22 /* SocialAlbumCell.swift */; };
		7AFB23531B317849001C75C9 /* tableTest.swift in Sources */ = {isa = PBXBuildFile; fileRef = 7AFB23521B317849001C75C9 /* tableTest.swift */; };
/* End PBXBuildFile section */

/* Begin PBXContainerItemProxy section */
		7ADD501C1B2D402000E44F99 /* PBXContainerItemProxy */ = {
			isa = PBXContainerItemProxy;
			containerPortal = 7ADD4FFB1B2D402000E44F99 /* Project object */;
			proxyType = 1;
			remoteGlobalIDString = 7ADD50021B2D402000E44F99;
			remoteInfo = Picturers;
		};
/* End PBXContainerItemProxy section */

/* Begin PBXFileReference section */
		7A04ED511B3E720100E884FD /* entroLogo.png */ = {isa = PBXFileReference; lastKnownFileType = image.png; path = entroLogo.png; sourceTree = "<group>"; };
		7A0C1DBE1B307AF900C52A5D /* Manage_home.swift */ = {isa = PBXFileReference; fileEncoding = 4; lastKnownFileType = sourcecode.swift; path = Manage_home.swift; sourceTree = "<group>"; };
		7A1FF2431B4AA1E600CEFDAF /* MainAction.swift */ = {isa = PBXFileReference; fileEncoding = 4; lastKnownFileType = sourcecode.swift; path = MainAction.swift; sourceTree = "<group>"; };
		7A1FF2451B4AE48300CEFDAF /* newAlbum.png */ = {isa = PBXFileReference; lastKnownFileType = image.png; path = newAlbum.png; sourceTree = "<group>"; };
		7A2021D21B3C41CF0048AD7C /* camara.png */ = {isa = PBXFileReference; lastKnownFileType = image.png; path = camara.png; sourceTree = "<group>"; };
		7A2021D41B3C41DC0048AD7C /* arrow.png */ = {isa = PBXFileReference; lastKnownFileType = image.png; path = arrow.png; sourceTree = "<group>"; };
		7A23A95E1B3E7913009B2E53 /* icon_1.png */ = {isa = PBXFileReference; lastKnownFileType = image.png; path = icon_1.png; sourceTree = "<group>"; };
		7A23A95F1B3E7913009B2E53 /* icon_2.png */ = {isa = PBXFileReference; lastKnownFileType = image.png; path = icon_2.png; sourceTree = "<group>"; };
		7A23A9601B3E7913009B2E53 /* icon_3.png */ = {isa = PBXFileReference; lastKnownFileType = image.png; path = icon_3.png; sourceTree = "<group>"; };
		7A23A9611B3E7913009B2E53 /* icon_4.png */ = {isa = PBXFileReference; lastKnownFileType = image.png; path = icon_4.png; sourceTree = "<group>"; };
		7A23A9621B3E7913009B2E53 /* icon_5.png */ = {isa = PBXFileReference; lastKnownFileType = image.png; path = icon_5.png; sourceTree = "<group>"; };
		7A23A9631B3E7913009B2E53 /* icon_6.png */ = {isa = PBXFileReference; lastKnownFileType = image.png; path = icon_6.png; sourceTree = "<group>"; };
		7A23A9641B3E7913009B2E53 /* icon_7.png */ = {isa = PBXFileReference; lastKnownFileType = image.png; path = icon_7.png; sourceTree = "<group>"; };
		7A49DC961B3544A7004FAF14 /* Manage_imagePicker.swift */ = {isa = PBXFileReference; fileEncoding = 4; lastKnownFileType = sourcecode.swift; path = Manage_imagePicker.swift; sourceTree = "<group>"; };
		7A49DC981B354DB4004FAF14 /* pic_selected.png */ = {isa = PBXFileReference; lastKnownFileType = image.png; path = pic_selected.png; sourceTree = "<group>"; };
		7A49DC991B354DB4004FAF14 /* pic_unSelected.png */ = {isa = PBXFileReference; lastKnownFileType = image.png; path = pic_unSelected.png; sourceTree = "<group>"; };
		7A8E3E031B4B9A7200243FA5 /* addIcon.png */ = {isa = PBXFileReference; lastKnownFileType = image.png; path = addIcon.png; sourceTree = "<group>"; };
		7A9C86B91B32D52D0051D067 /* 1.png */ = {isa = PBXFileReference; lastKnownFileType = image.png; path = 1.png; sourceTree = "<group>"; };
		7A9C86BA1B32D52D0051D067 /* 2.png */ = {isa = PBXFileReference; lastKnownFileType = image.png; path = 2.png; sourceTree = "<group>"; };
		7A9C86BB1B32D52D0051D067 /* 3.png */ = {isa = PBXFileReference; lastKnownFileType = image.png; path = 3.png; sourceTree = "<group>"; };
		7A9C86BC1B32D52D0051D067 /* 4.png */ = {isa = PBXFileReference; lastKnownFileType = image.png; path = 4.png; sourceTree = "<group>"; };
		7A9C86BD1B32D52D0051D067 /* 5.png */ = {isa = PBXFileReference; lastKnownFileType = image.png; path = 5.png; sourceTree = "<group>"; };
		7A9C86BE1B32D52D0051D067 /* 6.png */ = {isa = PBXFileReference; lastKnownFileType = image.png; path = 6.png; sourceTree = "<group>"; };
		7A9C86BF1B32D52D0051D067 /* 7.png */ = {isa = PBXFileReference; lastKnownFileType = image.png; path = 7.png; sourceTree = "<group>"; };
		7A9C86C71B32DD490051D067 /* AlbumListCell.swift */ = {isa = PBXFileReference; fileEncoding = 4; lastKnownFileType = sourcecode.swift; path = AlbumListCell.swift; sourceTree = "<group>"; };
		7A9C86C91B3348700051D067 /* Manage_show.swift */ = {isa = PBXFileReference; fileEncoding = 4; lastKnownFileType = sourcecode.swift; path = Manage_show.swift; sourceTree = "<group>"; };
		7AA0E1AF1B46779E0070538F /* CoreAction.swift */ = {isa = PBXFileReference; fileEncoding = 4; lastKnownFileType = sourcecode.swift; path = CoreAction.swift; sourceTree = "<group>"; };
		7AA180A41B34034D005B42C0 /* CustomLayout.swift */ = {isa = PBXFileReference; fileEncoding = 4; lastKnownFileType = sourcecode.swift; path = CustomLayout.swift; sourceTree = "<group>"; };
		7AA180A61B341006005B42C0 /* PicsShowCell.swift */ = {isa = PBXFileReference; fileEncoding = 4; lastKnownFileType = sourcecode.swift; path = PicsShowCell.swift; sourceTree = "<group>"; };
		7AA180A81B3413EB005B42C0 /* Manage_pic.swift */ = {isa = PBXFileReference; fileEncoding = 4; lastKnownFileType = sourcecode.swift; path = Manage_pic.swift; sourceTree = "<group>"; };
		7AA26BA21B4D6DC0006CDC61 /* Setting_tags.swift */ = {isa = PBXFileReference; fileEncoding = 4; lastKnownFileType = sourcecode.swift; path = Setting_tags.swift; sourceTree = "<group>"; };
		7AA26BA41B4D7052006CDC61 /* Setting_sample.swift */ = {isa = PBXFileReference; fileEncoding = 4; lastKnownFileType = sourcecode.swift; path = Setting_sample.swift; sourceTree = "<group>"; };
		7AA26BA61B4D8C56006CDC61 /* icon_choose.png */ = {isa = PBXFileReference; lastKnownFileType = image.png; path = icon_choose.png; sourceTree = "<group>"; };
		7AA26BA91B4D8E69006CDC61 /* icon_unchoose.png */ = {isa = PBXFileReference; lastKnownFileType = image.png; path = icon_unchoose.png; sourceTree = "<group>"; };
		7AA26BAC1B4D9A15006CDC61 /* Setting_reply.swift */ = {isa = PBXFileReference; fileEncoding = 4; lastKnownFileType = sourcecode.swift; path = Setting_reply.swift; sourceTree = "<group>"; };
		7AA26BAF1B4D9A34006CDC61 /* Setting_power.swift */ = {isa = PBXFileReference; fileEncoding = 4; lastKnownFileType = sourcecode.swift; path = Setting_power.swift; sourceTree = "<group>"; };
		7AA26BB21B4D9A57006CDC61 /* Setting_range.swift */ = {isa = PBXFileReference; fileEncoding = 4; lastKnownFileType = sourcecode.swift; path = Setting_range.swift; sourceTree = "<group>"; };
		7AA6A8CA1B4777C200D9E604 /* MainInterface.swift */ = {isa = PBXFileReference; fileEncoding = 4; lastKnownFileType = sourcecode.swift; path = MainInterface.swift; sourceTree = "<group>"; };
		7AA740A51B347D690064C9C9 /* Manage_new.swift */ = {isa = PBXFileReference; fileEncoding = 4; lastKnownFileType = sourcecode.swift; path = Manage_new.swift; sourceTree = "<group>"; };
		7AA887C41B3F963B006BC338 /* icon_alert.png */ = {isa = PBXFileReference; lastKnownFileType = image.png; path = icon_alert.png; sourceTree = "<group>"; };
		7AA9ACB21B5133C0006B41FE /* PicView.swift */ = {isa = PBXFileReference; fileEncoding = 4; lastKnownFileType = sourcecode.swift; path = PicView.swift; sourceTree = "<group>"; };
		7AC247461B4A669F00A5187B /* AlbumList.plist */ = {isa = PBXFileReference; fileEncoding = 4; lastKnownFileType = text.plist.xml; path = AlbumList.plist; sourceTree = "<group>"; };
		7AC55DAD1B3E97EE00FDC851 /* SocialHomeCell.swift */ = {isa = PBXFileReference; fileEncoding = 4; lastKnownFileType = sourcecode.swift; path = SocialHomeCell.swift; sourceTree = "<group>"; };
		7AC55DAF1B3E9C7D00FDC851 /* LayoutForSocailHome.swift */ = {isa = PBXFileReference; fileEncoding = 4; lastKnownFileType = sourcecode.swift; path = LayoutForSocailHome.swift; sourceTree = "<group>"; };
		7AC783821B405B6A00A75214 /* MyHomepage.swift */ = {isa = PBXFileReference; fileEncoding = 4; lastKnownFileType = sourcecode.swift; path = MyHomepage.swift; sourceTree = "<group>"; };
		7ACFB3841B591A21007F9AB8 /* Manage_PicsToAlbum.swift */ = {isa = PBXFileReference; fileEncoding = 4; lastKnownFileType = sourcecode.swift; path = Manage_PicsToAlbum.swift; sourceTree = "<group>"; };
		7ADD50031B2D402000E44F99 /* Picturer.app */ = {isa = PBXFileReference; explicitFileType = wrapper.application; includeInIndex = 0; path = Picturer.app; sourceTree = BUILT_PRODUCTS_DIR; };
		7ADD50071B2D402000E44F99 /* Info.plist */ = {isa = PBXFileReference; lastKnownFileType = text.plist.xml; path = Info.plist; sourceTree = "<group>"; };
		7ADD50081B2D402000E44F99 /* AppDelegate.swift */ = {isa = PBXFileReference; lastKnownFileType = sourcecode.swift; path = AppDelegate.swift; sourceTree = "<group>"; };
		7ADD500B1B2D402000E44F99 /* Picturers.xcdatamodel */ = {isa = PBXFileReference; lastKnownFileType = wrapper.xcdatamodel; path = Picturers.xcdatamodel; sourceTree = "<group>"; };
		7ADD500D1B2D402000E44F99 /* ViewController.swift */ = {isa = PBXFileReference; lastKnownFileType = sourcecode.swift; path = ViewController.swift; sourceTree = "<group>"; };
		7ADD50101B2D402000E44F99 /* Base */ = {isa = PBXFileReference; lastKnownFileType = file.storyboard; name = Base; path = Base.lproj/Main.storyboard; sourceTree = "<group>"; };
		7ADD50121B2D402000E44F99 /* Images.xcassets */ = {isa = PBXFileReference; lastKnownFileType = folder.assetcatalog; path = Images.xcassets; sourceTree = "<group>"; };
		7ADD50151B2D402000E44F99 /* Base */ = {isa = PBXFileReference; lastKnownFileType = file.xib; name = Base; path = Base.lproj/LaunchScreen.xib; sourceTree = "<group>"; };
		7ADD501B1B2D402000E44F99 /* PicturerTests.xctest */ = {isa = PBXFileReference; explicitFileType = wrapper.cfbundle; includeInIndex = 0; path = PicturerTests.xctest; sourceTree = BUILT_PRODUCTS_DIR; };
		7ADD50201B2D402000E44F99 /* Info.plist */ = {isa = PBXFileReference; lastKnownFileType = text.plist.xml; path = Info.plist; sourceTree = "<group>"; };
		7ADD50211B2D402000E44F99 /* PicturersTests.swift */ = {isa = PBXFileReference; lastKnownFileType = sourcecode.swift; path = PicturersTests.swift; sourceTree = "<group>"; };
		7AEBE2CC1B54C76A00FC6E9D /* Manage_description.swift */ = {isa = PBXFileReference; fileEncoding = 4; lastKnownFileType = sourcecode.swift; path = Manage_description.swift; sourceTree = "<group>"; };
		7AEC21271B3D9CE800D19D22 /* Social_home.swift */ = {isa = PBXFileReference; fileEncoding = 4; lastKnownFileType = sourcecode.swift; path = Social_home.swift; sourceTree = "<group>"; };
		7AEC21291B3DA09600D19D22 /* SocialAlbumCell.swift */ = {isa = PBXFileReference; fileEncoding = 4; lastKnownFileType = sourcecode.swift; path = SocialAlbumCell.swift; sourceTree = "<group>"; };
		7AFB23521B317849001C75C9 /* tableTest.swift */ = {isa = PBXFileReference; fileEncoding = 4; lastKnownFileType = sourcecode.swift; path = tableTest.swift; sourceTree = "<group>"; };
/* End PBXFileReference section */

/* Begin PBXFrameworksBuildPhase section */
		7ADD50001B2D402000E44F99 /* Frameworks */ = {
			isa = PBXFrameworksBuildPhase;
			buildActionMask = 2147483647;
			files = (
			);
			runOnlyForDeploymentPostprocessing = 0;
		};
		7ADD50181B2D402000E44F99 /* Frameworks */ = {
			isa = PBXFrameworksBuildPhase;
			buildActionMask = 2147483647;
			files = (
			);
			runOnlyForDeploymentPostprocessing = 0;
		};
/* End PBXFrameworksBuildPhase section */

/* Begin PBXGroup section */
		7A0C1DBD1B307A9200C52A5D /* ViewControllers */ = {
			isa = PBXGroup;
			children = (
				7A0C1DBE1B307AF900C52A5D /* Manage_home.swift */,
				7AFB23521B317849001C75C9 /* tableTest.swift */,
				7A9C86C91B3348700051D067 /* Manage_show.swift */,
				7AA180A81B3413EB005B42C0 /* Manage_pic.swift */,
				7AA740A51B347D690064C9C9 /* Manage_new.swift */,
				7A49DC961B3544A7004FAF14 /* Manage_imagePicker.swift */,
				7AEC21271B3D9CE800D19D22 /* Social_home.swift */,
				7AC783821B405B6A00A75214 /* MyHomepage.swift */,
				7AA26BA21B4D6DC0006CDC61 /* Setting_tags.swift */,
				7AA26BA41B4D7052006CDC61 /* Setting_sample.swift */,
				7AA26BAC1B4D9A15006CDC61 /* Setting_reply.swift */,
				7AA26BAF1B4D9A34006CDC61 /* Setting_power.swift */,
				7AA26BB21B4D9A57006CDC61 /* Setting_range.swift */,
				7AEBE2CC1B54C76A00FC6E9D /* Manage_description.swift */,
				7ACFB3841B591A21007F9AB8 /* Manage_PicsToAlbum.swift */,
			);
			name = ViewControllers;
			path = ../Picturer/ViewControllers;
			sourceTree = "<group>";
		};
		7A9C86B51B324F060051D067 /* MyClasses */ = {
			isa = PBXGroup;
			children = (
				7A9C86C71B32DD490051D067 /* AlbumListCell.swift */,
				7AA180A41B34034D005B42C0 /* CustomLayout.swift */,
				7AA180A61B341006005B42C0 /* PicsShowCell.swift */,
				7AEC21291B3DA09600D19D22 /* SocialAlbumCell.swift */,
				7AC55DAD1B3E97EE00FDC851 /* SocialHomeCell.swift */,
				7AC55DAF1B3E9C7D00FDC851 /* LayoutForSocailHome.swift */,
				7AA0E1AF1B46779E0070538F /* CoreAction.swift */,
				7AA6A8CA1B4777C200D9E604 /* MainInterface.swift */,
				7A1FF2431B4AA1E600CEFDAF /* MainAction.swift */,
				7AA9ACB21B5133C0006B41FE /* PicView.swift */,
			);
			name = MyClasses;
			path = ../Picturer/MyClasses;
			sourceTree = "<group>";
		};
		7A9C86B81B32D52D0051D067 /* pics */ = {
			isa = PBXGroup;
			children = (
				7A23A95E1B3E7913009B2E53 /* icon_1.png */,
				7A1FF2451B4AE48300CEFDAF /* newAlbum.png */,
				7A8E3E031B4B9A7200243FA5 /* addIcon.png */,
				7A23A95F1B3E7913009B2E53 /* icon_2.png */,
				7AA26BA61B4D8C56006CDC61 /* icon_choose.png */,
				7A23A9601B3E7913009B2E53 /* icon_3.png */,
				7A23A9611B3E7913009B2E53 /* icon_4.png */,
				7A23A9621B3E7913009B2E53 /* icon_5.png */,
				7A23A9631B3E7913009B2E53 /* icon_6.png */,
				7AA887C41B3F963B006BC338 /* icon_alert.png */,
				7A23A9641B3E7913009B2E53 /* icon_7.png */,
				7A04ED511B3E720100E884FD /* entroLogo.png */,
				7AA26BA91B4D8E69006CDC61 /* icon_unchoose.png */,
				7A49DC981B354DB4004FAF14 /* pic_selected.png */,
				7A49DC991B354DB4004FAF14 /* pic_unSelected.png */,
				7A2021D21B3C41CF0048AD7C /* camara.png */,
				7A9C86B91B32D52D0051D067 /* 1.png */,
				7A2021D41B3C41DC0048AD7C /* arrow.png */,
				7A9C86BA1B32D52D0051D067 /* 2.png */,
				7A9C86BB1B32D52D0051D067 /* 3.png */,
				7A9C86BC1B32D52D0051D067 /* 4.png */,
				7A9C86BD1B32D52D0051D067 /* 5.png */,
				7A9C86BE1B32D52D0051D067 /* 6.png */,
				7A9C86BF1B32D52D0051D067 /* 7.png */,
			);
			name = pics;
			path = ../Picturer/pics;
			sourceTree = "<group>";
		};
		7AC247451B4A669000A5187B /* resource */ = {
			isa = PBXGroup;
			children = (
				7AC247461B4A669F00A5187B /* AlbumList.plist */,
			);
			path = resource;
			sourceTree = "<group>";
		};
		7ADD4FFA1B2D402000E44F99 = {
			isa = PBXGroup;
			children = (
				7ADD50051B2D402000E44F99 /* Picturer */,
				7ADD501E1B2D402000E44F99 /* PicturerTests */,
				7ADD50041B2D402000E44F99 /* Products */,
			);
			sourceTree = "<group>";
		};
		7ADD50041B2D402000E44F99 /* Products */ = {
			isa = PBXGroup;
			children = (
				7ADD50031B2D402000E44F99 /* Picturer.app */,
				7ADD501B1B2D402000E44F99 /* PicturerTests.xctest */,
			);
			name = Products;
			sourceTree = "<group>";
		};
		7ADD50051B2D402000E44F99 /* Picturer */ = {
			isa = PBXGroup;
			children = (
				7AC247451B4A669000A5187B /* resource */,
				7A9C86B81B32D52D0051D067 /* pics */,
				7A9C86B51B324F060051D067 /* MyClasses */,
				7A0C1DBD1B307A9200C52A5D /* ViewControllers */,
				7ADD50081B2D402000E44F99 /* AppDelegate.swift */,
				7ADD500D1B2D402000E44F99 /* ViewController.swift */,
				7ADD500F1B2D402000E44F99 /* Main.storyboard */,
				7ADD50121B2D402000E44F99 /* Images.xcassets */,
				7ADD50141B2D402000E44F99 /* LaunchScreen.xib */,
				7ADD500A1B2D402000E44F99 /* Picturers.xcdatamodeld */,
				7ADD50061B2D402000E44F99 /* Supporting Files */,
			);
			path = Picturer;
			sourceTree = "<group>";
		};
		7ADD50061B2D402000E44F99 /* Supporting Files */ = {
			isa = PBXGroup;
			children = (
				7ADD50071B2D402000E44F99 /* Info.plist */,
			);
			name = "Supporting Files";
			sourceTree = "<group>";
		};
		7ADD501E1B2D402000E44F99 /* PicturerTests */ = {
			isa = PBXGroup;
			children = (
				7ADD50211B2D402000E44F99 /* PicturersTests.swift */,
				7ADD501F1B2D402000E44F99 /* Supporting Files */,
			);
			path = PicturerTests;
			sourceTree = "<group>";
		};
		7ADD501F1B2D402000E44F99 /* Supporting Files */ = {
			isa = PBXGroup;
			children = (
				7ADD50201B2D402000E44F99 /* Info.plist */,
			);
			name = "Supporting Files";
			sourceTree = "<group>";
		};
/* End PBXGroup section */

/* Begin PBXNativeTarget section */
		7ADD50021B2D402000E44F99 /* Picturer */ = {
			isa = PBXNativeTarget;
			buildConfigurationList = 7ADD50251B2D402000E44F99 /* Build configuration list for PBXNativeTarget "Picturer" */;
			buildPhases = (
				7ADD4FFF1B2D402000E44F99 /* Sources */,
				7ADD50001B2D402000E44F99 /* Frameworks */,
				7ADD50011B2D402000E44F99 /* Resources */,
			);
			buildRules = (
			);
			dependencies = (
			);
			name = Picturer;
			productName = Picturers;
			productReference = 7ADD50031B2D402000E44F99 /* Picturer.app */;
			productType = "com.apple.product-type.application";
		};
		7ADD501A1B2D402000E44F99 /* PicturerTests */ = {
			isa = PBXNativeTarget;
			buildConfigurationList = 7ADD50281B2D402000E44F99 /* Build configuration list for PBXNativeTarget "PicturerTests" */;
			buildPhases = (
				7ADD50171B2D402000E44F99 /* Sources */,
				7ADD50181B2D402000E44F99 /* Frameworks */,
				7ADD50191B2D402000E44F99 /* Resources */,
			);
			buildRules = (
			);
			dependencies = (
				7ADD501D1B2D402000E44F99 /* PBXTargetDependency */,
			);
			name = PicturerTests;
			productName = PicturersTests;
			productReference = 7ADD501B1B2D402000E44F99 /* PicturerTests.xctest */;
			productType = "com.apple.product-type.bundle.unit-test";
		};
/* End PBXNativeTarget section */

/* Begin PBXProject section */
		7ADD4FFB1B2D402000E44F99 /* Project object */ = {
			isa = PBXProject;
			attributes = {
				LastUpgradeCheck = 0640;
				ORGANIZATIONNAME = 4view;
				TargetAttributes = {
					7ADD50021B2D402000E44F99 = {
						CreatedOnToolsVersion = 6.4;
						DevelopmentTeam = F8S5PW28UZ;
					};
					7ADD501A1B2D402000E44F99 = {
						CreatedOnToolsVersion = 6.4;
						TestTargetID = 7ADD50021B2D402000E44F99;
					};
				};
			};
			buildConfigurationList = 7ADD4FFE1B2D402000E44F99 /* Build configuration list for PBXProject "Picturer" */;
			compatibilityVersion = "Xcode 3.2";
			developmentRegion = English;
			hasScannedForEncodings = 0;
			knownRegions = (
				en,
				Base,
			);
			mainGroup = 7ADD4FFA1B2D402000E44F99;
			productRefGroup = 7ADD50041B2D402000E44F99 /* Products */;
			projectDirPath = "";
			projectRoot = "";
			targets = (
				7ADD50021B2D402000E44F99 /* Picturer */,
				7ADD501A1B2D402000E44F99 /* PicturerTests */,
			);
		};
/* End PBXProject section */

/* Begin PBXResourcesBuildPhase section */
		7ADD50011B2D402000E44F99 /* Resources */ = {
			isa = PBXResourcesBuildPhase;
			buildActionMask = 2147483647;
			files = (
				7A8E3E041B4B9A7200243FA5 /* addIcon.png in Resources */,
				7A04ED521B3E720100E884FD /* entroLogo.png in Resources */,
				7ADD50111B2D402000E44F99 /* Main.storyboard in Resources */,
				7A23A96A1B3E7913009B2E53 /* icon_6.png in Resources */,
				7AA26BAA1B4D8E69006CDC61 /* icon_unchoose.png in Resources */,
				7A9C86C31B32D52D0051D067 /* 4.png in Resources */,
				7A9C86C01B32D52D0051D067 /* 1.png in Resources */,
				7A2021D31B3C41CF0048AD7C /* camara.png in Resources */,
				7A9C86C51B32D52D0051D067 /* 6.png in Resources */,
				7A23A9651B3E7913009B2E53 /* icon_1.png in Resources */,
				7A2021D51B3C41DC0048AD7C /* arrow.png in Resources */,
				7A1FF2461B4AE48300CEFDAF /* newAlbum.png in Resources */,
				7A9C86C11B32D52D0051D067 /* 2.png in Resources */,
				7A23A96B1B3E7913009B2E53 /* icon_7.png in Resources */,
				7A23A9661B3E7913009B2E53 /* icon_2.png in Resources */,
				7A23A9681B3E7913009B2E53 /* icon_4.png in Resources */,
				7A9C86C21B32D52D0051D067 /* 3.png in Resources */,
				7AC247471B4A669F00A5187B /* AlbumList.plist in Resources */,
				7A9C86C41B32D52D0051D067 /* 5.png in Resources */,
				7A49DC9A1B354DB4004FAF14 /* pic_selected.png in Resources */,
				7A23A9691B3E7913009B2E53 /* icon_5.png in Resources */,
				7A49DC9B1B354DB4004FAF14 /* pic_unSelected.png in Resources */,
				7A23A9671B3E7913009B2E53 /* icon_3.png in Resources */,
				7A9C86C61B32D52D0051D067 /* 7.png in Resources */,
				7AA887C51B3F963B006BC338 /* icon_alert.png in Resources */,
				7AA26BA71B4D8C56006CDC61 /* icon_choose.png in Resources */,
				7ADD50161B2D402000E44F99 /* LaunchScreen.xib in Resources */,
				7ADD50131B2D402000E44F99 /* Images.xcassets in Resources */,
			);
			runOnlyForDeploymentPostprocessing = 0;
		};
		7ADD50191B2D402000E44F99 /* Resources */ = {
			isa = PBXResourcesBuildPhase;
			buildActionMask = 2147483647;
			files = (
				7AA26BAB1B4D8E69006CDC61 /* icon_unchoose.png in Resources */,
				7AA26BA81B4D8C56006CDC61 /* icon_choose.png in Resources */,
				7A8E3E051B4B9A7200243FA5 /* addIcon.png in Resources */,
				7A1FF2471B4AE48300CEFDAF /* newAlbum.png in Resources */,
			);
			runOnlyForDeploymentPostprocessing = 0;
		};
/* End PBXResourcesBuildPhase section */

/* Begin PBXSourcesBuildPhase section */
		7ADD4FFF1B2D402000E44F99 /* Sources */ = {
			isa = PBXSourcesBuildPhase;
			buildActionMask = 2147483647;
			files = (
				7AA26BB01B4D9A34006CDC61 /* Setting_power.swift in Sources */,
				7AA180A51B34034D005B42C0 /* CustomLayout.swift in Sources */,
				7AA740A61B347D690064C9C9 /* Manage_new.swift in Sources */,
				7AA180A91B3413EB005B42C0 /* Manage_pic.swift in Sources */,
				7AC55DAE1B3E97EE00FDC851 /* SocialHomeCell.swift in Sources */,
				7A1FF2441B4AA1E600CEFDAF /* MainAction.swift in Sources */,
				7AA180A71B341006005B42C0 /* PicsShowCell.swift in Sources */,
				7AFB23531B317849001C75C9 /* tableTest.swift in Sources */,
				7ADD500E1B2D402000E44F99 /* ViewController.swift in Sources */,
				7A0C1DBF1B307AF900C52A5D /* Manage_home.swift in Sources */,
				7AC55DB01B3E9C7D00FDC851 /* LayoutForSocailHome.swift in Sources */,
				7AC783831B405B6A00A75214 /* MyHomepage.swift in Sources */,
				7A9C86C81B32DD490051D067 /* AlbumListCell.swift in Sources */,
				7A49DC971B3544A7004FAF14 /* Manage_imagePicker.swift in Sources */,
				7ACFB3851B591A21007F9AB8 /* Manage_PicsToAlbum.swift in Sources */,
				7AEC21281B3D9CE800D19D22 /* Social_home.swift in Sources */,
				7ADD50091B2D402000E44F99 /* AppDelegate.swift in Sources */,
				7AEC212A1B3DA09600D19D22 /* SocialAlbumCell.swift in Sources */,
				7AA26BAD1B4D9A15006CDC61 /* Setting_reply.swift in Sources */,
				7AA26BA51B4D7052006CDC61 /* Setting_sample.swift in Sources */,
				7A9C86CA1B3348700051D067 /* Manage_show.swift in Sources */,
				7ADD500C1B2D402000E44F99 /* Picturers.xcdatamodeld in Sources */,
				7AEBE2CD1B54C76A00FC6E9D /* Manage_description.swift in Sources */,
				7AA9ACB31B5133C0006B41FE /* PicView.swift in Sources */,
				7AA0E1B01B46779E0070538F /* CoreAction.swift in Sources */,
				7AA6A8CB1B4777C200D9E604 /* MainInterface.swift in Sources */,
				7AA26BB31B4D9A57006CDC61 /* Setting_range.swift in Sources */,
				7AA26BA31B4D6DC0006CDC61 /* Setting_tags.swift in Sources */,
			);
			runOnlyForDeploymentPostprocessing = 0;
		};
		7ADD50171B2D402000E44F99 /* Sources */ = {
			isa = PBXSourcesBuildPhase;
			buildActionMask = 2147483647;
			files = (
				7AA26BB41B4D9A57006CDC61 /* Setting_range.swift in Sources */,
				7AA26BB11B4D9A34006CDC61 /* Setting_power.swift in Sources */,
				7ADD50221B2D402000E44F99 /* PicturersTests.swift in Sources */,
				7AA26BAE1B4D9A15006CDC61 /* Setting_reply.swift in Sources */,
			);
			runOnlyForDeploymentPostprocessing = 0;
		};
/* End PBXSourcesBuildPhase section */

/* Begin PBXTargetDependency section */
		7ADD501D1B2D402000E44F99 /* PBXTargetDependency */ = {
			isa = PBXTargetDependency;
			target = 7ADD50021B2D402000E44F99 /* Picturer */;
			targetProxy = 7ADD501C1B2D402000E44F99 /* PBXContainerItemProxy */;
		};
/* End PBXTargetDependency section */

/* Begin PBXVariantGroup section */
		7ADD500F1B2D402000E44F99 /* Main.storyboard */ = {
			isa = PBXVariantGroup;
			children = (
				7ADD50101B2D402000E44F99 /* Base */,
			);
			name = Main.storyboard;
			sourceTree = "<group>";
		};
		7ADD50141B2D402000E44F99 /* LaunchScreen.xib */ = {
			isa = PBXVariantGroup;
			children = (
				7ADD50151B2D402000E44F99 /* Base */,
			);
			name = LaunchScreen.xib;
			sourceTree = "<group>";
		};
/* End PBXVariantGroup section */

/* Begin XCBuildConfiguration section */
		7ADD50231B2D402000E44F99 /* Debug */ = {
			isa = XCBuildConfiguration;
			buildSettings = {
				ALWAYS_SEARCH_USER_PATHS = NO;
				CLANG_CXX_LANGUAGE_STANDARD = "gnu++0x";
				CLANG_CXX_LIBRARY = "libc++";
				CLANG_ENABLE_MODULES = YES;
				CLANG_ENABLE_OBJC_ARC = YES;
				CLANG_WARN_BOOL_CONVERSION = YES;
				CLANG_WARN_CONSTANT_CONVERSION = YES;
				CLANG_WARN_DIRECT_OBJC_ISA_USAGE = YES_ERROR;
				CLANG_WARN_EMPTY_BODY = YES;
				CLANG_WARN_ENUM_CONVERSION = YES;
				CLANG_WARN_INT_CONVERSION = YES;
				CLANG_WARN_OBJC_ROOT_CLASS = YES_ERROR;
				CLANG_WARN_UNREACHABLE_CODE = YES;
				CLANG_WARN__DUPLICATE_METHOD_MATCH = YES;
				"CODE_SIGN_IDENTITY[sdk=iphoneos*]" = "iPhone Developer";
				COPY_PHASE_STRIP = NO;
				DEBUG_INFORMATION_FORMAT = "dwarf-with-dsym";
				ENABLE_STRICT_OBJC_MSGSEND = YES;
				GCC_C_LANGUAGE_STANDARD = gnu99;
				GCC_DYNAMIC_NO_PIC = NO;
				GCC_NO_COMMON_BLOCKS = YES;
				GCC_OPTIMIZATION_LEVEL = 0;
				GCC_PREPROCESSOR_DEFINITIONS = (
					"DEBUG=1",
					"$(inherited)",
				);
				GCC_SYMBOLS_PRIVATE_EXTERN = NO;
				GCC_WARN_64_TO_32_BIT_CONVERSION = YES;
				GCC_WARN_ABOUT_RETURN_TYPE = YES_ERROR;
				GCC_WARN_UNDECLARED_SELECTOR = YES;
				GCC_WARN_UNINITIALIZED_AUTOS = YES_AGGRESSIVE;
				GCC_WARN_UNUSED_FUNCTION = YES;
				GCC_WARN_UNUSED_VARIABLE = YES;
				IPHONEOS_DEPLOYMENT_TARGET = 8.1;
				MTL_ENABLE_DEBUG_INFO = YES;
				ONLY_ACTIVE_ARCH = YES;
				SDKROOT = iphoneos;
				SWIFT_OPTIMIZATION_LEVEL = "-Onone";
			};
			name = Debug;
		};
		7ADD50241B2D402000E44F99 /* Release */ = {
			isa = XCBuildConfiguration;
			buildSettings = {
				ALWAYS_SEARCH_USER_PATHS = NO;
				CLANG_CXX_LANGUAGE_STANDARD = "gnu++0x";
				CLANG_CXX_LIBRARY = "libc++";
				CLANG_ENABLE_MODULES = YES;
				CLANG_ENABLE_OBJC_ARC = YES;
				CLANG_WARN_BOOL_CONVERSION = YES;
				CLANG_WARN_CONSTANT_CONVERSION = YES;
				CLANG_WARN_DIRECT_OBJC_ISA_USAGE = YES_ERROR;
				CLANG_WARN_EMPTY_BODY = YES;
				CLANG_WARN_ENUM_CONVERSION = YES;
				CLANG_WARN_INT_CONVERSION = YES;
				CLANG_WARN_OBJC_ROOT_CLASS = YES_ERROR;
				CLANG_WARN_UNREACHABLE_CODE = YES;
				CLANG_WARN__DUPLICATE_METHOD_MATCH = YES;
				"CODE_SIGN_IDENTITY[sdk=iphoneos*]" = "iPhone Developer";
				COPY_PHASE_STRIP = NO;
				DEBUG_INFORMATION_FORMAT = "dwarf-with-dsym";
				ENABLE_NS_ASSERTIONS = NO;
				ENABLE_STRICT_OBJC_MSGSEND = YES;
				GCC_C_LANGUAGE_STANDARD = gnu99;
				GCC_NO_COMMON_BLOCKS = YES;
				GCC_WARN_64_TO_32_BIT_CONVERSION = YES;
				GCC_WARN_ABOUT_RETURN_TYPE = YES_ERROR;
				GCC_WARN_UNDECLARED_SELECTOR = YES;
				GCC_WARN_UNINITIALIZED_AUTOS = YES_AGGRESSIVE;
				GCC_WARN_UNUSED_FUNCTION = YES;
				GCC_WARN_UNUSED_VARIABLE = YES;
				IPHONEOS_DEPLOYMENT_TARGET = 8.1;
				MTL_ENABLE_DEBUG_INFO = NO;
				SDKROOT = iphoneos;
				VALIDATE_PRODUCT = YES;
			};
			name = Release;
		};
		7ADD50261B2D402000E44F99 /* Debug */ = {
			isa = XCBuildConfiguration;
			buildSettings = {
				ASSETCATALOG_COMPILER_APPICON_NAME = AppIcon;
				CODE_SIGN_IDENTITY = "iPhone Developer";
				"CODE_SIGN_IDENTITY[sdk=iphoneos*]" = "iPhone Developer";
				INFOPLIST_FILE = "$(SRCROOT)/Picturer/Info.plist";
				IPHONEOS_DEPLOYMENT_TARGET = 8.0;
				LD_RUNPATH_SEARCH_PATHS = "$(inherited) @executable_path/Frameworks";
				PRODUCT_NAME = Picturer;
				PROVISIONING_PROFILE = "";
			};
			name = Debug;
		};
		7ADD50271B2D402000E44F99 /* Release */ = {
			isa = XCBuildConfiguration;
			buildSettings = {
				ASSETCATALOG_COMPILER_APPICON_NAME = AppIcon;
				CODE_SIGN_IDENTITY = "iPhone Developer";
				"CODE_SIGN_IDENTITY[sdk=iphoneos*]" = "iPhone Developer";
				INFOPLIST_FILE = "$(SRCROOT)/Picturer/Info.plist";
				IPHONEOS_DEPLOYMENT_TARGET = 8.0;
				LD_RUNPATH_SEARCH_PATHS = "$(inherited) @executable_path/Frameworks";
				PRODUCT_NAME = Picturer;
				PROVISIONING_PROFILE = "";
			};
			name = Release;
		};
		7ADD50291B2D402000E44F99 /* Debug */ = {
			isa = XCBuildConfiguration;
			buildSettings = {
				BUNDLE_LOADER = "$(TEST_HOST)";
				FRAMEWORK_SEARCH_PATHS = (
					"$(SDKROOT)/Developer/Library/Frameworks",
					"$(inherited)",
				);
				GCC_PREPROCESSOR_DEFINITIONS = (
					"DEBUG=1",
					"$(inherited)",
				);
				INFOPLIST_FILE = PicturerTests/Info.plist;
				LD_RUNPATH_SEARCH_PATHS = "$(inherited) @executable_path/Frameworks @loader_path/Frameworks";
				PRODUCT_NAME = PicturerTests;
				TEST_HOST = "$(BUILT_PRODUCTS_DIR)/Picturer.app/Picturer";
			};
			name = Debug;
		};
		7ADD502A1B2D402000E44F99 /* Release */ = {
			isa = XCBuildConfiguration;
			buildSettings = {
				BUNDLE_LOADER = "$(TEST_HOST)";
				FRAMEWORK_SEARCH_PATHS = (
					"$(SDKROOT)/Developer/Library/Frameworks",
					"$(inherited)",
				);
				INFOPLIST_FILE = PicturerTests/Info.plist;
				LD_RUNPATH_SEARCH_PATHS = "$(inherited) @executable_path/Frameworks @loader_path/Frameworks";
				PRODUCT_NAME = PicturerTests;
				TEST_HOST = "$(BUILT_PRODUCTS_DIR)/Picturer.app/Picturer";
			};
			name = Release;
		};
/* End XCBuildConfiguration section */

/* Begin XCConfigurationList section */
		7ADD4FFE1B2D402000E44F99 /* Build configuration list for PBXProject "Picturer" */ = {
			isa = XCConfigurationList;
			buildConfigurations = (
				7ADD50231B2D402000E44F99 /* Debug */,
				7ADD50241B2D402000E44F99 /* Release */,
			);
			defaultConfigurationIsVisible = 0;
			defaultConfigurationName = Release;
		};
		7ADD50251B2D402000E44F99 /* Build configuration list for PBXNativeTarget "Picturer" */ = {
			isa = XCConfigurationList;
			buildConfigurations = (
				7ADD50261B2D402000E44F99 /* Debug */,
				7ADD50271B2D402000E44F99 /* Release */,
			);
			defaultConfigurationIsVisible = 0;
			defaultConfigurationName = Release;
		};
		7ADD50281B2D402000E44F99 /* Build configuration list for PBXNativeTarget "PicturerTests" */ = {
			isa = XCConfigurationList;
			buildConfigurations = (
				7ADD50291B2D402000E44F99 /* Debug */,
				7ADD502A1B2D402000E44F99 /* Release */,
			);
			defaultConfigurationIsVisible = 0;
			defaultConfigurationName = Release;
		};
/* End XCConfigurationList section */

/* Begin XCVersionGroup section */
		7ADD500A1B2D402000E44F99 /* Picturers.xcdatamodeld */ = {
			isa = XCVersionGroup;
			children = (
				7ADD500B1B2D402000E44F99 /* Picturers.xcdatamodel */,
			);
			currentVersion = 7ADD500B1B2D402000E44F99 /* Picturers.xcdatamodel */;
			path = Picturers.xcdatamodeld;
			sourceTree = "<group>";
			versionGroupType = wrapper.xcdatamodel;
		};
/* End XCVersionGroup section */
	};
	rootObject = 7ADD4FFB1B2D402000E44F99 /* Project object */;
}
