// !$*UTF8*$!
{
	archiveVersion = 1;
	classes = {
	};
	objectVersion = 46;
	objects = {

/* Begin PBXBuildFile section */
		7A04ED521B3E720100E884FD /* entroLogo.png in Resources */ = {isa = PBXBuildFile; fileRef = 7A04ED511B3E720100E884FD /* entroLogo.png */; };
		7A0A15DA1B5E2D0B00A8C6F6 /* ImageLoader.swift in Sources */ = {isa = PBXBuildFile; fileRef = 7A0A15D61B5E2D0B00A8C6F6 /* ImageLoader.swift */; };
		7A0A15E11B5E998F00A8C6F6 /* noPic.png in Resources */ = {isa = PBXBuildFile; fileRef = 7A0A15E01B5E998F00A8C6F6 /* noPic.png */; };
		7A0A15E21B5E998F00A8C6F6 /* noPic.png in Resources */ = {isa = PBXBuildFile; fileRef = 7A0A15E01B5E998F00A8C6F6 /* noPic.png */; };
		7A0C1DBF1B307AF900C52A5D /* Manage_home.swift in Sources */ = {isa = PBXBuildFile; fileRef = 7A0C1DBE1B307AF900C52A5D /* Manage_home.swift */; };
		7A1D94FA1B6A7B12009CCE10 /* MessageList_Cell.swift in Sources */ = {isa = PBXBuildFile; fileRef = 7A1D94F91B6A7B12009CCE10 /* MessageList_Cell.swift */; };
		7A1D94FF1B6B26E9009CCE10 /* collect.png in Resources */ = {isa = PBXBuildFile; fileRef = 7A1D94FE1B6B26E9009CCE10 /* collect.png */; };
		7A1D95001B6B26E9009CCE10 /* collect.png in Resources */ = {isa = PBXBuildFile; fileRef = 7A1D94FE1B6B26E9009CCE10 /* collect.png */; };
		7A1FF2441B4AA1E600CEFDAF /* MainAction.swift in Sources */ = {isa = PBXBuildFile; fileRef = 7A1FF2431B4AA1E600CEFDAF /* MainAction.swift */; };
		7A1FF2461B4AE48300CEFDAF /* newAlbum.png in Resources */ = {isa = PBXBuildFile; fileRef = 7A1FF2451B4AE48300CEFDAF /* newAlbum.png */; };
		7A1FF2471B4AE48300CEFDAF /* newAlbum.png in Resources */ = {isa = PBXBuildFile; fileRef = 7A1FF2451B4AE48300CEFDAF /* newAlbum.png */; };
		7A2021D31B3C41CF0048AD7C /* camara.png in Resources */ = {isa = PBXBuildFile; fileRef = 7A2021D21B3C41CF0048AD7C /* camara.png */; };
		7A2021D51B3C41DC0048AD7C /* arrow.png in Resources */ = {isa = PBXBuildFile; fileRef = 7A2021D41B3C41DC0048AD7C /* arrow.png */; };
		7A21C44E1B5FF5E700AC99DB /* like.png in Resources */ = {isa = PBXBuildFile; fileRef = 7A21C44D1B5FF5E700AC99DB /* like.png */; };
		7A21C44F1B5FF5E700AC99DB /* like.png in Resources */ = {isa = PBXBuildFile; fileRef = 7A21C44D1B5FF5E700AC99DB /* like.png */; };
		7A21C4541B5FF62E00AC99DB /* toolsBtn.png in Resources */ = {isa = PBXBuildFile; fileRef = 7A21C4531B5FF62E00AC99DB /* toolsBtn.png */; };
		7A21C4551B5FF62E00AC99DB /* toolsBtn.png in Resources */ = {isa = PBXBuildFile; fileRef = 7A21C4531B5FF62E00AC99DB /* toolsBtn.png */; };
		7A23A9651B3E7913009B2E53 /* icon_1.png in Resources */ = {isa = PBXBuildFile; fileRef = 7A23A95E1B3E7913009B2E53 /* icon_1.png */; };
		7A23A9661B3E7913009B2E53 /* icon_2.png in Resources */ = {isa = PBXBuildFile; fileRef = 7A23A95F1B3E7913009B2E53 /* icon_2.png */; };
		7A23A9671B3E7913009B2E53 /* icon_3.png in Resources */ = {isa = PBXBuildFile; fileRef = 7A23A9601B3E7913009B2E53 /* icon_3.png */; };
		7A23A9681B3E7913009B2E53 /* icon_4.png in Resources */ = {isa = PBXBuildFile; fileRef = 7A23A9611B3E7913009B2E53 /* icon_4.png */; };
		7A23A9691B3E7913009B2E53 /* icon_5.png in Resources */ = {isa = PBXBuildFile; fileRef = 7A23A9621B3E7913009B2E53 /* icon_5.png */; };
		7A23A96A1B3E7913009B2E53 /* icon_6.png in Resources */ = {isa = PBXBuildFile; fileRef = 7A23A9631B3E7913009B2E53 /* icon_6.png */; };
		7A23A96B1B3E7913009B2E53 /* icon_7.png in Resources */ = {isa = PBXBuildFile; fileRef = 7A23A9641B3E7913009B2E53 /* icon_7.png */; };
		7A2922B21B6A66AB0031B2F2 /* MessageList.swift in Sources */ = {isa = PBXBuildFile; fileRef = 7A2922B11B6A66AB0031B2F2 /* MessageList.swift */; };
		7A2FCA461B5D57BC00033925 /* HTTPRequestSerializer.swift in Sources */ = {isa = PBXBuildFile; fileRef = 7A2FCA331B5D57BB00033925 /* HTTPRequestSerializer.swift */; };
		7A2FCA471B5D57BC00033925 /* HTTPRequestSerializer.swift in Sources */ = {isa = PBXBuildFile; fileRef = 7A2FCA331B5D57BB00033925 /* HTTPRequestSerializer.swift */; };
		7A2FCA481B5D57BC00033925 /* HTTPResponseSerializer.swift in Sources */ = {isa = PBXBuildFile; fileRef = 7A2FCA341B5D57BB00033925 /* HTTPResponseSerializer.swift */; };
		7A2FCA491B5D57BC00033925 /* HTTPResponseSerializer.swift in Sources */ = {isa = PBXBuildFile; fileRef = 7A2FCA341B5D57BB00033925 /* HTTPResponseSerializer.swift */; };
		7A2FCA4A1B5D57BC00033925 /* HTTPSecurity.swift in Sources */ = {isa = PBXBuildFile; fileRef = 7A2FCA351B5D57BB00033925 /* HTTPSecurity.swift */; };
		7A2FCA4B1B5D57BC00033925 /* HTTPSecurity.swift in Sources */ = {isa = PBXBuildFile; fileRef = 7A2FCA351B5D57BB00033925 /* HTTPSecurity.swift */; };
		7A2FCA4C1B5D57BC00033925 /* HTTPStatusCode.swift in Sources */ = {isa = PBXBuildFile; fileRef = 7A2FCA361B5D57BB00033925 /* HTTPStatusCode.swift */; };
		7A2FCA4D1B5D57BC00033925 /* HTTPStatusCode.swift in Sources */ = {isa = PBXBuildFile; fileRef = 7A2FCA361B5D57BB00033925 /* HTTPStatusCode.swift */; };
		7A2FCA4E1B5D57BC00033925 /* HTTPTask.swift in Sources */ = {isa = PBXBuildFile; fileRef = 7A2FCA371B5D57BB00033925 /* HTTPTask.swift */; };
		7A2FCA4F1B5D57BC00033925 /* HTTPTask.swift in Sources */ = {isa = PBXBuildFile; fileRef = 7A2FCA371B5D57BB00033925 /* HTTPTask.swift */; };
		7A2FCA501B5D57BC00033925 /* HTTPUpload.swift in Sources */ = {isa = PBXBuildFile; fileRef = 7A2FCA381B5D57BB00033925 /* HTTPUpload.swift */; };
		7A2FCA511B5D57BC00033925 /* HTTPUpload.swift in Sources */ = {isa = PBXBuildFile; fileRef = 7A2FCA381B5D57BB00033925 /* HTTPUpload.swift */; };
		7A2FCA521B5D57BC00033925 /* Info.plist in Resources */ = {isa = PBXBuildFile; fileRef = 7A2FCA391B5D57BB00033925 /* Info.plist */; };
		7A2FCA531B5D57BC00033925 /* Info.plist in Resources */ = {isa = PBXBuildFile; fileRef = 7A2FCA391B5D57BB00033925 /* Info.plist */; };
		7A2FCA581B5D57BC00033925 /* SwiftHTTP.podspec in Resources */ = {isa = PBXBuildFile; fileRef = 7A2FCA3D1B5D57BB00033925 /* SwiftHTTP.podspec */; };
		7A2FCA591B5D57BC00033925 /* SwiftHTTP.podspec in Resources */ = {isa = PBXBuildFile; fileRef = 7A2FCA3D1B5D57BB00033925 /* SwiftHTTP.podspec */; };
		7A2FCA6A1B5D57E000033925 /* SwiftHTTP.framework in Frameworks */ = {isa = PBXBuildFile; fileRef = 7A2FCA631B5D57BC00033925 /* SwiftHTTP.framework */; settings = {ATTRIBUTES = (Required, ); }; };
		7A2FCA6C1B5D596E00033925 /* SwiftHTTP.framework in Frameworks */ = {isa = PBXBuildFile; fileRef = 7A2FCA631B5D57BC00033925 /* SwiftHTTP.framework */; };
		7A2FCA6D1B5D596E00033925 /* SwiftHTTP.framework in Embed Frameworks */ = {isa = PBXBuildFile; fileRef = 7A2FCA631B5D57BC00033925 /* SwiftHTTP.framework */; settings = {ATTRIBUTES = (CodeSignOnCopy, RemoveHeadersOnCopy, ); }; };
		7A45766D1B5CA11500DDE09A /* PicAlbumMessageItem.swift in Sources */ = {isa = PBXBuildFile; fileRef = 7A45766C1B5CA11500DDE09A /* PicAlbumMessageItem.swift */; };
		7A49DC971B3544A7004FAF14 /* Manage_imagePicker.swift in Sources */ = {isa = PBXBuildFile; fileRef = 7A49DC961B3544A7004FAF14 /* Manage_imagePicker.swift */; };
		7A49DC9A1B354DB4004FAF14 /* pic_selected.png in Resources */ = {isa = PBXBuildFile; fileRef = 7A49DC981B354DB4004FAF14 /* pic_selected.png */; };
		7A49DC9B1B354DB4004FAF14 /* pic_unSelected.png in Resources */ = {isa = PBXBuildFile; fileRef = 7A49DC991B354DB4004FAF14 /* pic_unSelected.png */; };
		7A508EF61B65E4D5000FCA87 /* CommentList.swift in Sources */ = {isa = PBXBuildFile; fileRef = 7A508EF51B65E4D5000FCA87 /* CommentList.swift */; };
		7A508EFB1B65F6F0000FCA87 /* CommentList_Cell.swift in Sources */ = {isa = PBXBuildFile; fileRef = 7A508EFA1B65F6F0000FCA87 /* CommentList_Cell.swift */; };
		7A6F8A871B62AC29007F949A /* Discover_home.swift in Sources */ = {isa = PBXBuildFile; fileRef = 7A6F8A861B62AC29007F949A /* Discover_home.swift */; };
		7A6F8A8C1B62AF14007F949A /* Discover_reference.swift in Sources */ = {isa = PBXBuildFile; fileRef = 7A6F8A8B1B62AF14007F949A /* Discover_reference.swift */; };
		7A6F8A8E1B62AFAF007F949A /* Discover_search.swift in Sources */ = {isa = PBXBuildFile; fileRef = 7A6F8A8D1B62AFAF007F949A /* Discover_search.swift */; };
		7A6F8A901B62C1C4007F949A /* CustomPresentationAnimationController.swift in Sources */ = {isa = PBXBuildFile; fileRef = 7A6F8A8F1B62C1C4007F949A /* CustomPresentationAnimationController.swift */; };
		7A8E3E041B4B9A7200243FA5 /* addIcon.png in Resources */ = {isa = PBXBuildFile; fileRef = 7A8E3E031B4B9A7200243FA5 /* addIcon.png */; };
		7A8E3E051B4B9A7200243FA5 /* addIcon.png in Resources */ = {isa = PBXBuildFile; fileRef = 7A8E3E031B4B9A7200243FA5 /* addIcon.png */; };
		7A96A0971B6A17DA00184EFF /* message_arrow.png in Resources */ = {isa = PBXBuildFile; fileRef = 7A96A0961B6A17DA00184EFF /* message_arrow.png */; };
		7A96A0981B6A17DA00184EFF /* message_arrow.png in Resources */ = {isa = PBXBuildFile; fileRef = 7A96A0961B6A17DA00184EFF /* message_arrow.png */; };
		7A96A0A11B6A4C7700184EFF /* back_icon.png in Resources */ = {isa = PBXBuildFile; fileRef = 7A96A09F1B6A4C7700184EFF /* back_icon.png */; };
		7A96A0A21B6A4C7700184EFF /* back_icon.png in Resources */ = {isa = PBXBuildFile; fileRef = 7A96A09F1B6A4C7700184EFF /* back_icon.png */; };
		7A96A0A31B6A4C7700184EFF /* moreAction_icon.png in Resources */ = {isa = PBXBuildFile; fileRef = 7A96A0A01B6A4C7700184EFF /* moreAction_icon.png */; };
		7A96A0A41B6A4C7700184EFF /* moreAction_icon.png in Resources */ = {isa = PBXBuildFile; fileRef = 7A96A0A01B6A4C7700184EFF /* moreAction_icon.png */; };
		7A9C86C81B32DD490051D067 /* AlbumListCell.swift in Sources */ = {isa = PBXBuildFile; fileRef = 7A9C86C71B32DD490051D067 /* AlbumListCell.swift */; };
		7A9C86CA1B3348700051D067 /* Manage_show.swift in Sources */ = {isa = PBXBuildFile; fileRef = 7A9C86C91B3348700051D067 /* Manage_show.swift */; };
		7A9CD0A91B7EF72E00152C61 /* Collect_home.swift in Sources */ = {isa = PBXBuildFile; fileRef = 7A9CD0A81B7EF72E00152C61 /* Collect_home.swift */; };
		7A9CD0AB1B7EFE7300152C61 /* CollectItem.swift in Sources */ = {isa = PBXBuildFile; fileRef = 7A9CD0AA1B7EFE7300152C61 /* CollectItem.swift */; };
		7AA07E141B6C55F200220D88 /* SliderShower.swift in Sources */ = {isa = PBXBuildFile; fileRef = 7AA07E131B6C55F200220D88 /* SliderShower.swift */; };
		7AA0E1B01B46779E0070538F /* CoreAction.swift in Sources */ = {isa = PBXBuildFile; fileRef = 7AA0E1AF1B46779E0070538F /* CoreAction.swift */; };
		7AA180A51B34034D005B42C0 /* CustomLayout.swift in Sources */ = {isa = PBXBuildFile; fileRef = 7AA180A41B34034D005B42C0 /* CustomLayout.swift */; };
		7AA180A71B341006005B42C0 /* PicsShowCell.swift in Sources */ = {isa = PBXBuildFile; fileRef = 7AA180A61B341006005B42C0 /* PicsShowCell.swift */; };
		7AA180A91B3413EB005B42C0 /* Manage_pic.swift in Sources */ = {isa = PBXBuildFile; fileRef = 7AA180A81B3413EB005B42C0 /* Manage_pic.swift */; };
		7AA26BA31B4D6DC0006CDC61 /* Setting_tags.swift in Sources */ = {isa = PBXBuildFile; fileRef = 7AA26BA21B4D6DC0006CDC61 /* Setting_tags.swift */; };
		7AA26BA51B4D7052006CDC61 /* Setting_sample.swift in Sources */ = {isa = PBXBuildFile; fileRef = 7AA26BA41B4D7052006CDC61 /* Setting_sample.swift */; };
		7AA26BA71B4D8C56006CDC61 /* icon_choose.png in Resources */ = {isa = PBXBuildFile; fileRef = 7AA26BA61B4D8C56006CDC61 /* icon_choose.png */; };
		7AA26BA81B4D8C56006CDC61 /* icon_choose.png in Resources */ = {isa = PBXBuildFile; fileRef = 7AA26BA61B4D8C56006CDC61 /* icon_choose.png */; };
		7AA26BAA1B4D8E69006CDC61 /* icon_unchoose.png in Resources */ = {isa = PBXBuildFile; fileRef = 7AA26BA91B4D8E69006CDC61 /* icon_unchoose.png */; };
		7AA26BAB1B4D8E69006CDC61 /* icon_unchoose.png in Resources */ = {isa = PBXBuildFile; fileRef = 7AA26BA91B4D8E69006CDC61 /* icon_unchoose.png */; };
		7AA26BAD1B4D9A15006CDC61 /* Setting_reply.swift in Sources */ = {isa = PBXBuildFile; fileRef = 7AA26BAC1B4D9A15006CDC61 /* Setting_reply.swift */; };
		7AA26BAE1B4D9A15006CDC61 /* Setting_reply.swift in Sources */ = {isa = PBXBuildFile; fileRef = 7AA26BAC1B4D9A15006CDC61 /* Setting_reply.swift */; };
		7AA26BB01B4D9A34006CDC61 /* Setting_power.swift in Sources */ = {isa = PBXBuildFile; fileRef = 7AA26BAF1B4D9A34006CDC61 /* Setting_power.swift */; };
		7AA26BB11B4D9A34006CDC61 /* Setting_power.swift in Sources */ = {isa = PBXBuildFile; fileRef = 7AA26BAF1B4D9A34006CDC61 /* Setting_power.swift */; };
		7AA26BB31B4D9A57006CDC61 /* Setting_range.swift in Sources */ = {isa = PBXBuildFile; fileRef = 7AA26BB21B4D9A57006CDC61 /* Setting_range.swift */; };
		7AA26BB41B4D9A57006CDC61 /* Setting_range.swift in Sources */ = {isa = PBXBuildFile; fileRef = 7AA26BB21B4D9A57006CDC61 /* Setting_range.swift */; };
		7AA4E9AE1B76F2B700B641B5 /* Friends_Home.swift in Sources */ = {isa = PBXBuildFile; fileRef = 7AA4E9AD1B76F2B700B641B5 /* Friends_Home.swift */; };
		7AA6A8CB1B4777C200D9E604 /* MainInterface.swift in Sources */ = {isa = PBXBuildFile; fileRef = 7AA6A8CA1B4777C200D9E604 /* MainInterface.swift */; };
		7AA6B3E71B6BDC5E00904344 /* changeToPic.png in Resources */ = {isa = PBXBuildFile; fileRef = 7AA6B3E61B6BDC5E00904344 /* changeToPic.png */; };
		7AA6B3E81B6BDC5E00904344 /* changeToPic.png in Resources */ = {isa = PBXBuildFile; fileRef = 7AA6B3E61B6BDC5E00904344 /* changeToPic.png */; };
		7AA740A61B347D690064C9C9 /* Manage_new.swift in Sources */ = {isa = PBXBuildFile; fileRef = 7AA740A51B347D690064C9C9 /* Manage_new.swift */; };
		7AA7AED61B72730800FF7EBC /* UserListCell.swift in Sources */ = {isa = PBXBuildFile; fileRef = 7AA7AED51B72730800FF7EBC /* UserListCell.swift */; };
		7AA7AEDF1B73094F00FF7EBC /* add01.png in Resources */ = {isa = PBXBuildFile; fileRef = 7AA7AEDA1B73094F00FF7EBC /* add01.png */; };
		7AA7AEE01B73094F00FF7EBC /* add01.png in Resources */ = {isa = PBXBuildFile; fileRef = 7AA7AEDA1B73094F00FF7EBC /* add01.png */; };
		7AA7AEE11B73094F00FF7EBC /* add02.png in Resources */ = {isa = PBXBuildFile; fileRef = 7AA7AEDB1B73094F00FF7EBC /* add02.png */; };
		7AA7AEE21B73094F00FF7EBC /* add02.png in Resources */ = {isa = PBXBuildFile; fileRef = 7AA7AEDB1B73094F00FF7EBC /* add02.png */; };
		7AA7AEE31B73094F00FF7EBC /* camera.png in Resources */ = {isa = PBXBuildFile; fileRef = 7AA7AEDC1B73094F00FF7EBC /* camera.png */; };
		7AA7AEE41B73094F00FF7EBC /* camera.png in Resources */ = {isa = PBXBuildFile; fileRef = 7AA7AEDC1B73094F00FF7EBC /* camera.png */; };
		7AA7AEE51B73094F00FF7EBC /* picturer.png in Resources */ = {isa = PBXBuildFile; fileRef = 7AA7AEDD1B73094F00FF7EBC /* picturer.png */; };
		7AA7AEE61B73094F00FF7EBC /* picturer.png in Resources */ = {isa = PBXBuildFile; fileRef = 7AA7AEDD1B73094F00FF7EBC /* picturer.png */; };
		7AA7AEE71B73094F00FF7EBC /* search.png in Resources */ = {isa = PBXBuildFile; fileRef = 7AA7AEDE1B73094F00FF7EBC /* search.png */; };
		7AA7AEE81B73094F00FF7EBC /* search.png in Resources */ = {isa = PBXBuildFile; fileRef = 7AA7AEDE1B73094F00FF7EBC /* search.png */; };
		7AA7AEEA1B7315B700FF7EBC /* list_arrow.png in Resources */ = {isa = PBXBuildFile; fileRef = 7AA7AEE91B7315B700FF7EBC /* list_arrow.png */; };
		7AA7AEEB1B7315B700FF7EBC /* list_arrow.png in Resources */ = {isa = PBXBuildFile; fileRef = 7AA7AEE91B7315B700FF7EBC /* list_arrow.png */; };
		7AA7AEED1B732C4700FF7EBC /* blank.png in Resources */ = {isa = PBXBuildFile; fileRef = 7AA7AEEC1B732C4700FF7EBC /* blank.png */; };
		7AA7AEEE1B732C4700FF7EBC /* blank.png in Resources */ = {isa = PBXBuildFile; fileRef = 7AA7AEEC1B732C4700FF7EBC /* blank.png */; };
		7AA7AEF11B735B0F00FF7EBC /* back.png in Resources */ = {isa = PBXBuildFile; fileRef = 7AA7AEEF1B735B0F00FF7EBC /* back.png */; };
		7AA7AEF21B735B0F00FF7EBC /* back.png in Resources */ = {isa = PBXBuildFile; fileRef = 7AA7AEEF1B735B0F00FF7EBC /* back.png */; };
		7AA7AEF31B735B0F00FF7EBC /* edit.png in Resources */ = {isa = PBXBuildFile; fileRef = 7AA7AEF01B735B0F00FF7EBC /* edit.png */; };
		7AA7AEF41B735B0F00FF7EBC /* edit.png in Resources */ = {isa = PBXBuildFile; fileRef = 7AA7AEF01B735B0F00FF7EBC /* edit.png */; };
		7AA887C51B3F963B006BC338 /* icon_alert.png in Resources */ = {isa = PBXBuildFile; fileRef = 7AA887C41B3F963B006BC338 /* icon_alert.png */; };
		7AA9ACB31B5133C0006B41FE /* PicView.swift in Sources */ = {isa = PBXBuildFile; fileRef = 7AA9ACB21B5133C0006B41FE /* PicView.swift */; };
		7AAA54E61B60B41100B304EE /* Inputer.swift in Sources */ = {isa = PBXBuildFile; fileRef = 7AAA54E51B60B41100B304EE /* Inputer.swift */; };
		7AAEA3461B833A4300DB5F54 /* blurBg.jpg in Resources */ = {isa = PBXBuildFile; fileRef = 7AAEA3451B833A4300DB5F54 /* blurBg.jpg */; };
		7AAEA34B1B833E5400DB5F54 /* LogoAnimation.swift in Sources */ = {isa = PBXBuildFile; fileRef = 7AAEA34A1B833E5400DB5F54 /* LogoAnimation.swift */; };
		7AAEA34D1B83510000DB5F54 /* logo_triangle.png in Resources */ = {isa = PBXBuildFile; fileRef = 7AAEA34C1B83510000DB5F54 /* logo_triangle.png */; };
		7AB2517B1B7F3B2E0029ED80 /* logo_black.png in Resources */ = {isa = PBXBuildFile; fileRef = 7AB251791B7F3B2E0029ED80 /* logo_black.png */; };
		7AB251801B7F46690029ED80 /* message.png in Resources */ = {isa = PBXBuildFile; fileRef = 7AB2517F1B7F46690029ED80 /* message.png */; };
		7AB2518C1B7F4B010029ED80 /* pic_9.JPG in Resources */ = {isa = PBXBuildFile; fileRef = 7AB251831B7F4B010029ED80 /* pic_9.JPG */; };
		7AB2518D1B7F4B010029ED80 /* pic_8.JPG in Resources */ = {isa = PBXBuildFile; fileRef = 7AB251841B7F4B010029ED80 /* pic_8.JPG */; };
		7AB2518E1B7F4B010029ED80 /* pic_7.JPG in Resources */ = {isa = PBXBuildFile; fileRef = 7AB251851B7F4B010029ED80 /* pic_7.JPG */; };
		7AB2518F1B7F4B010029ED80 /* pic_6.JPG in Resources */ = {isa = PBXBuildFile; fileRef = 7AB251861B7F4B010029ED80 /* pic_6.JPG */; };
		7AB251901B7F4B010029ED80 /* pic_5.JPG in Resources */ = {isa = PBXBuildFile; fileRef = 7AB251871B7F4B010029ED80 /* pic_5.JPG */; };
		7AB251911B7F4B010029ED80 /* pic_4.JPG in Resources */ = {isa = PBXBuildFile; fileRef = 7AB251881B7F4B010029ED80 /* pic_4.JPG */; };
		7AB251921B7F4B010029ED80 /* pic_3.JPG in Resources */ = {isa = PBXBuildFile; fileRef = 7AB251891B7F4B010029ED80 /* pic_3.JPG */; };
		7AB251931B7F4B010029ED80 /* pic_2.JPG in Resources */ = {isa = PBXBuildFile; fileRef = 7AB2518A1B7F4B010029ED80 /* pic_2.JPG */; };
		7AB251941B7F4B010029ED80 /* pic_1.JPG in Resources */ = {isa = PBXBuildFile; fileRef = 7AB2518B1B7F4B010029ED80 /* pic_1.JPG */; };
		7AB251A01B7F4B0F0029ED80 /* user_4.jpg in Resources */ = {isa = PBXBuildFile; fileRef = 7AB251951B7F4B0F0029ED80 /* user_4.jpg */; };
		7AB251A11B7F4B0F0029ED80 /* user_5.jpg in Resources */ = {isa = PBXBuildFile; fileRef = 7AB251961B7F4B0F0029ED80 /* user_5.jpg */; };
		7AB251A21B7F4B0F0029ED80 /* user_3.jpg in Resources */ = {isa = PBXBuildFile; fileRef = 7AB251971B7F4B0F0029ED80 /* user_3.jpg */; };
		7AB251A31B7F4B0F0029ED80 /* user_1.jpg in Resources */ = {isa = PBXBuildFile; fileRef = 7AB251981B7F4B0F0029ED80 /* user_1.jpg */; };
		7AB251A41B7F4B0F0029ED80 /* user_2.jpg in Resources */ = {isa = PBXBuildFile; fileRef = 7AB251991B7F4B0F0029ED80 /* user_2.jpg */; };
		7AB251A51B7F4B0F0029ED80 /* user_6.jpg in Resources */ = {isa = PBXBuildFile; fileRef = 7AB2519A1B7F4B0F0029ED80 /* user_6.jpg */; };
		7AB251A61B7F4B0F0029ED80 /* user_7.jpg in Resources */ = {isa = PBXBuildFile; fileRef = 7AB2519B1B7F4B0F0029ED80 /* user_7.jpg */; };
		7AB251A71B7F4B0F0029ED80 /* user_8.jpg in Resources */ = {isa = PBXBuildFile; fileRef = 7AB2519C1B7F4B0F0029ED80 /* user_8.jpg */; };
		7AB251A81B7F4B0F0029ED80 /* user_9.jpg in Resources */ = {isa = PBXBuildFile; fileRef = 7AB2519D1B7F4B0F0029ED80 /* user_9.jpg */; };
		7AB251A91B7F4B0F0029ED80 /* user_10.jpg in Resources */ = {isa = PBXBuildFile; fileRef = 7AB2519E1B7F4B0F0029ED80 /* user_10.jpg */; };
		7AB251AA1B7F4B0F0029ED80 /* user_11.jpg in Resources */ = {isa = PBXBuildFile; fileRef = 7AB2519F1B7F4B0F0029ED80 /* user_11.jpg */; };
		7AB251AC1B7F4B3C0029ED80 /* logo_white.png in Resources */ = {isa = PBXBuildFile; fileRef = 7AB251AB1B7F4B3C0029ED80 /* logo_white.png */; };
		7AB251B31B7F4F5F0029ED80 /* ad_1.jpg in Resources */ = {isa = PBXBuildFile; fileRef = 7AB251AE1B7F4F5F0029ED80 /* ad_1.jpg */; };
		7AB251B41B7F4F5F0029ED80 /* ad_2.jpg in Resources */ = {isa = PBXBuildFile; fileRef = 7AB251AF1B7F4F5F0029ED80 /* ad_2.jpg */; };
		7AB251B51B7F4F5F0029ED80 /* ad_3.jpg in Resources */ = {isa = PBXBuildFile; fileRef = 7AB251B01B7F4F5F0029ED80 /* ad_3.jpg */; };
		7AB251B61B7F4F5F0029ED80 /* ad_4.jpg in Resources */ = {isa = PBXBuildFile; fileRef = 7AB251B11B7F4F5F0029ED80 /* ad_4.jpg */; };
		7AB251B71B7F4F5F0029ED80 /* ad_5.jpg in Resources */ = {isa = PBXBuildFile; fileRef = 7AB251B21B7F4F5F0029ED80 /* ad_5.jpg */; };
		7AC247471B4A669F00A5187B /* AlbumList.plist in Resources */ = {isa = PBXBuildFile; fileRef = 7AC247461B4A669F00A5187B /* AlbumList.plist */; };
		7AC55DAE1B3E97EE00FDC851 /* SocialHomeCell.swift in Sources */ = {isa = PBXBuildFile; fileRef = 7AC55DAD1B3E97EE00FDC851 /* SocialHomeCell.swift */; };
		7AC55DB01B3E9C7D00FDC851 /* LayoutForSocailHome.swift in Sources */ = {isa = PBXBuildFile; fileRef = 7AC55DAF1B3E9C7D00FDC851 /* LayoutForSocailHome.swift */; };
		7AC783831B405B6A00A75214 /* MyHomepage.swift in Sources */ = {isa = PBXBuildFile; fileRef = 7AC783821B405B6A00A75214 /* MyHomepage.swift */; };
		7AC9B1241B70B1AC00D05787 /* search_icon.png in Resources */ = {isa = PBXBuildFile; fileRef = 7AC9B1231B70B1AC00D05787 /* search_icon.png */; };
		7AC9B1251B70B1AC00D05787 /* search_icon.png in Resources */ = {isa = PBXBuildFile; fileRef = 7AC9B1231B70B1AC00D05787 /* search_icon.png */; };
		7AC9B12D1B72437000D05787 /* SearchResult.swift in Sources */ = {isa = PBXBuildFile; fileRef = 7AC9B12C1B72437000D05787 /* SearchResult.swift */; };
		7AC9B1331B724D8400D05787 /* MainAction.swift in Sources */ = {isa = PBXBuildFile; fileRef = 7A1FF2431B4AA1E600CEFDAF /* MainAction.swift */; };
		7ACFB3851B591A21007F9AB8 /* Manage_PicsToAlbum.swift in Sources */ = {isa = PBXBuildFile; fileRef = 7ACFB3841B591A21007F9AB8 /* Manage_PicsToAlbum.swift */; };
		7ADC30F01B6B89070020220C /* changeToCollect_icon.png in Resources */ = {isa = PBXBuildFile; fileRef = 7ADC30EF1B6B89070020220C /* changeToCollect_icon.png */; };
		7ADC30F11B6B89070020220C /* changeToCollect_icon.png in Resources */ = {isa = PBXBuildFile; fileRef = 7ADC30EF1B6B89070020220C /* changeToCollect_icon.png */; };
		7ADD50091B2D402000E44F99 /* AppDelegate.swift in Sources */ = {isa = PBXBuildFile; fileRef = 7ADD50081B2D402000E44F99 /* AppDelegate.swift */; };
		7ADD500C1B2D402000E44F99 /* Picturers.xcdatamodeld in Sources */ = {isa = PBXBuildFile; fileRef = 7ADD500A1B2D402000E44F99 /* Picturers.xcdatamodeld */; };
		7ADD500E1B2D402000E44F99 /* ViewController.swift in Sources */ = {isa = PBXBuildFile; fileRef = 7ADD500D1B2D402000E44F99 /* ViewController.swift */; };
		7ADD50111B2D402000E44F99 /* Main.storyboard in Resources */ = {isa = PBXBuildFile; fileRef = 7ADD500F1B2D402000E44F99 /* Main.storyboard */; };
		7ADD50131B2D402000E44F99 /* Images.xcassets in Resources */ = {isa = PBXBuildFile; fileRef = 7ADD50121B2D402000E44F99 /* Images.xcassets */; };
		7ADD50161B2D402000E44F99 /* LaunchScreen.xib in Resources */ = {isa = PBXBuildFile; fileRef = 7ADD50141B2D402000E44F99 /* LaunchScreen.xib */; };
		7ADD50221B2D402000E44F99 /* PicturersTests.swift in Sources */ = {isa = PBXBuildFile; fileRef = 7ADD50211B2D402000E44F99 /* PicturersTests.swift */; };
		7AEBE2CD1B54C76A00FC6E9D /* Manage_description.swift in Sources */ = {isa = PBXBuildFile; fileRef = 7AEBE2CC1B54C76A00FC6E9D /* Manage_description.swift */; };
		7AEC21281B3D9CE800D19D22 /* Social_home.swift in Sources */ = {isa = PBXBuildFile; fileRef = 7AEC21271B3D9CE800D19D22 /* Social_home.swift */; };
		7AEC212A1B3DA09600D19D22 /* SocialAlbumCell.swift in Sources */ = {isa = PBXBuildFile; fileRef = 7AEC21291B3DA09600D19D22 /* SocialAlbumCell.swift */; };
		7AFB23531B317849001C75C9 /* tableTest.swift in Sources */ = {isa = PBXBuildFile; fileRef = 7AFB23521B317849001C75C9 /* tableTest.swift */; };
		7AFE77241B6B9A940021E35E /* Social_pic.swift in Sources */ = {isa = PBXBuildFile; fileRef = 7AFE77231B6B9A940021E35E /* Social_pic.swift */; };
/* End PBXBuildFile section */

/* Begin PBXContainerItemProxy section */
		7A2FCA621B5D57BC00033925 /* PBXContainerItemProxy */ = {
			isa = PBXContainerItemProxy;
			containerPortal = 7A2FCA3E1B5D57BB00033925 /* SwiftHTTP.xcodeproj */;
			proxyType = 2;
			remoteGlobalIDString = 6BFD901619C8D8B500DD99B6;
			remoteInfo = SwiftHTTP;
		};
		7A2FCA641B5D57BC00033925 /* PBXContainerItemProxy */ = {
			isa = PBXContainerItemProxy;
			containerPortal = 7A2FCA3E1B5D57BB00033925 /* SwiftHTTP.xcodeproj */;
			proxyType = 2;
			remoteGlobalIDString = 6BFD902119C8D8B500DD99B6;
			remoteInfo = SwiftHTTPTests;
		};
		7A2FCA661B5D57BC00033925 /* PBXContainerItemProxy */ = {
			isa = PBXContainerItemProxy;
			containerPortal = 7A2FCA3E1B5D57BB00033925 /* SwiftHTTP.xcodeproj */;
			proxyType = 2;
			remoteGlobalIDString = D958025919E6EEEB003C8218;
			remoteInfo = SwiftHTTPOSX;
		};
		7A2FCA681B5D57BC00033925 /* PBXContainerItemProxy */ = {
			isa = PBXContainerItemProxy;
			containerPortal = 7A2FCA3E1B5D57BB00033925 /* SwiftHTTP.xcodeproj */;
			proxyType = 2;
			remoteGlobalIDString = D958026319E6EEEB003C8218;
			remoteInfo = SwiftHTTPOSXTests;
		};
		7A2FCA6E1B5D596E00033925 /* PBXContainerItemProxy */ = {
			isa = PBXContainerItemProxy;
			containerPortal = 7A2FCA3E1B5D57BB00033925 /* SwiftHTTP.xcodeproj */;
			proxyType = 1;
			remoteGlobalIDString = 6BFD901519C8D8B500DD99B6;
			remoteInfo = SwiftHTTP;
		};
		7ADD501C1B2D402000E44F99 /* PBXContainerItemProxy */ = {
			isa = PBXContainerItemProxy;
			containerPortal = 7ADD4FFB1B2D402000E44F99 /* Project object */;
			proxyType = 1;
			remoteGlobalIDString = 7ADD50021B2D402000E44F99;
			remoteInfo = Picturers;
		};
/* End PBXContainerItemProxy section */

/* Begin PBXCopyFilesBuildPhase section */
		7A2FCA701B5D596E00033925 /* Embed Frameworks */ = {
			isa = PBXCopyFilesBuildPhase;
			buildActionMask = 2147483647;
			dstPath = "";
			dstSubfolderSpec = 10;
			files = (
				7A2FCA6D1B5D596E00033925 /* SwiftHTTP.framework in Embed Frameworks */,
			);
			name = "Embed Frameworks";
			runOnlyForDeploymentPostprocessing = 0;
		};
/* End PBXCopyFilesBuildPhase section */

/* Begin PBXFileReference section */
		7A04ED511B3E720100E884FD /* entroLogo.png */ = {isa = PBXFileReference; lastKnownFileType = image.png; path = entroLogo.png; sourceTree = "<group>"; };
		7A0A15D61B5E2D0B00A8C6F6 /* ImageLoader.swift */ = {isa = PBXFileReference; fileEncoding = 4; lastKnownFileType = sourcecode.swift; path = ImageLoader.swift; sourceTree = "<group>"; };
		7A0A15E01B5E998F00A8C6F6 /* noPic.png */ = {isa = PBXFileReference; lastKnownFileType = image.png; path = noPic.png; sourceTree = "<group>"; };
		7A0C1DBE1B307AF900C52A5D /* Manage_home.swift */ = {isa = PBXFileReference; fileEncoding = 4; lastKnownFileType = sourcecode.swift; path = Manage_home.swift; sourceTree = "<group>"; };
		7A1D94F91B6A7B12009CCE10 /* MessageList_Cell.swift */ = {isa = PBXFileReference; fileEncoding = 4; lastKnownFileType = sourcecode.swift; path = MessageList_Cell.swift; sourceTree = "<group>"; };
		7A1D94FE1B6B26E9009CCE10 /* collect.png */ = {isa = PBXFileReference; lastKnownFileType = image.png; path = collect.png; sourceTree = "<group>"; };
		7A1FF2431B4AA1E600CEFDAF /* MainAction.swift */ = {isa = PBXFileReference; fileEncoding = 4; lastKnownFileType = sourcecode.swift; path = MainAction.swift; sourceTree = "<group>"; };
		7A1FF2451B4AE48300CEFDAF /* newAlbum.png */ = {isa = PBXFileReference; lastKnownFileType = image.png; path = newAlbum.png; sourceTree = "<group>"; };
		7A2021D21B3C41CF0048AD7C /* camara.png */ = {isa = PBXFileReference; lastKnownFileType = image.png; path = camara.png; sourceTree = "<group>"; };
		7A2021D41B3C41DC0048AD7C /* arrow.png */ = {isa = PBXFileReference; lastKnownFileType = image.png; path = arrow.png; sourceTree = "<group>"; };
		7A21C44D1B5FF5E700AC99DB /* like.png */ = {isa = PBXFileReference; lastKnownFileType = image.png; path = like.png; sourceTree = "<group>"; };
		7A21C4531B5FF62E00AC99DB /* toolsBtn.png */ = {isa = PBXFileReference; lastKnownFileType = image.png; path = toolsBtn.png; sourceTree = "<group>"; };
		7A23A95E1B3E7913009B2E53 /* icon_1.png */ = {isa = PBXFileReference; lastKnownFileType = image.png; path = icon_1.png; sourceTree = "<group>"; };
		7A23A95F1B3E7913009B2E53 /* icon_2.png */ = {isa = PBXFileReference; lastKnownFileType = image.png; path = icon_2.png; sourceTree = "<group>"; };
		7A23A9601B3E7913009B2E53 /* icon_3.png */ = {isa = PBXFileReference; lastKnownFileType = image.png; path = icon_3.png; sourceTree = "<group>"; };
		7A23A9611B3E7913009B2E53 /* icon_4.png */ = {isa = PBXFileReference; lastKnownFileType = image.png; path = icon_4.png; sourceTree = "<group>"; };
		7A23A9621B3E7913009B2E53 /* icon_5.png */ = {isa = PBXFileReference; lastKnownFileType = image.png; path = icon_5.png; sourceTree = "<group>"; };
		7A23A9631B3E7913009B2E53 /* icon_6.png */ = {isa = PBXFileReference; lastKnownFileType = image.png; path = icon_6.png; sourceTree = "<group>"; };
		7A23A9641B3E7913009B2E53 /* icon_7.png */ = {isa = PBXFileReference; lastKnownFileType = image.png; path = icon_7.png; sourceTree = "<group>"; };
		7A2922B11B6A66AB0031B2F2 /* MessageList.swift */ = {isa = PBXFileReference; fileEncoding = 4; lastKnownFileType = sourcecode.swift; path = MessageList.swift; sourceTree = "<group>"; };
		7A2FCA331B5D57BB00033925 /* HTTPRequestSerializer.swift */ = {isa = PBXFileReference; fileEncoding = 4; lastKnownFileType = sourcecode.swift; path = HTTPRequestSerializer.swift; sourceTree = "<group>"; };
		7A2FCA341B5D57BB00033925 /* HTTPResponseSerializer.swift */ = {isa = PBXFileReference; fileEncoding = 4; lastKnownFileType = sourcecode.swift; path = HTTPResponseSerializer.swift; sourceTree = "<group>"; };
		7A2FCA351B5D57BB00033925 /* HTTPSecurity.swift */ = {isa = PBXFileReference; fileEncoding = 4; lastKnownFileType = sourcecode.swift; path = HTTPSecurity.swift; sourceTree = "<group>"; };
		7A2FCA361B5D57BB00033925 /* HTTPStatusCode.swift */ = {isa = PBXFileReference; fileEncoding = 4; lastKnownFileType = sourcecode.swift; path = HTTPStatusCode.swift; sourceTree = "<group>"; };
		7A2FCA371B5D57BB00033925 /* HTTPTask.swift */ = {isa = PBXFileReference; fileEncoding = 4; lastKnownFileType = sourcecode.swift; path = HTTPTask.swift; sourceTree = "<group>"; };
		7A2FCA381B5D57BB00033925 /* HTTPUpload.swift */ = {isa = PBXFileReference; fileEncoding = 4; lastKnownFileType = sourcecode.swift; path = HTTPUpload.swift; sourceTree = "<group>"; };
		7A2FCA391B5D57BB00033925 /* Info.plist */ = {isa = PBXFileReference; fileEncoding = 4; lastKnownFileType = text.plist.xml; path = Info.plist; sourceTree = "<group>"; };
		7A2FCA3C1B5D57BB00033925 /* SwiftHTTP.h */ = {isa = PBXFileReference; fileEncoding = 4; lastKnownFileType = sourcecode.c.h; path = SwiftHTTP.h; sourceTree = "<group>"; };
		7A2FCA3D1B5D57BB00033925 /* SwiftHTTP.podspec */ = {isa = PBXFileReference; fileEncoding = 4; lastKnownFileType = text; path = SwiftHTTP.podspec; sourceTree = "<group>"; };
		7A2FCA3E1B5D57BB00033925 /* SwiftHTTP.xcodeproj */ = {isa = PBXFileReference; lastKnownFileType = "wrapper.pb-project"; path = SwiftHTTP.xcodeproj; sourceTree = "<group>"; };
		7A45766C1B5CA11500DDE09A /* PicAlbumMessageItem.swift */ = {isa = PBXFileReference; fileEncoding = 4; lastKnownFileType = sourcecode.swift; path = PicAlbumMessageItem.swift; sourceTree = "<group>"; };
		7A49DC961B3544A7004FAF14 /* Manage_imagePicker.swift */ = {isa = PBXFileReference; fileEncoding = 4; lastKnownFileType = sourcecode.swift; path = Manage_imagePicker.swift; sourceTree = "<group>"; };
		7A49DC981B354DB4004FAF14 /* pic_selected.png */ = {isa = PBXFileReference; lastKnownFileType = image.png; path = pic_selected.png; sourceTree = "<group>"; };
		7A49DC991B354DB4004FAF14 /* pic_unSelected.png */ = {isa = PBXFileReference; lastKnownFileType = image.png; path = pic_unSelected.png; sourceTree = "<group>"; };
		7A508EF51B65E4D5000FCA87 /* CommentList.swift */ = {isa = PBXFileReference; fileEncoding = 4; lastKnownFileType = sourcecode.swift; path = CommentList.swift; sourceTree = "<group>"; };
		7A508EFA1B65F6F0000FCA87 /* CommentList_Cell.swift */ = {isa = PBXFileReference; fileEncoding = 4; lastKnownFileType = sourcecode.swift; path = CommentList_Cell.swift; sourceTree = "<group>"; };
		7A6F8A861B62AC29007F949A /* Discover_home.swift */ = {isa = PBXFileReference; fileEncoding = 4; lastKnownFileType = sourcecode.swift; path = Discover_home.swift; sourceTree = "<group>"; };
		7A6F8A8B1B62AF14007F949A /* Discover_reference.swift */ = {isa = PBXFileReference; fileEncoding = 4; lastKnownFileType = sourcecode.swift; path = Discover_reference.swift; sourceTree = "<group>"; };
		7A6F8A8D1B62AFAF007F949A /* Discover_search.swift */ = {isa = PBXFileReference; fileEncoding = 4; lastKnownFileType = sourcecode.swift; path = Discover_search.swift; sourceTree = "<group>"; };
		7A6F8A8F1B62C1C4007F949A /* CustomPresentationAnimationController.swift */ = {isa = PBXFileReference; fileEncoding = 4; lastKnownFileType = sourcecode.swift; path = CustomPresentationAnimationController.swift; sourceTree = "<group>"; };
		7A8E3E031B4B9A7200243FA5 /* addIcon.png */ = {isa = PBXFileReference; lastKnownFileType = image.png; path = addIcon.png; sourceTree = "<group>"; };
		7A96A0961B6A17DA00184EFF /* message_arrow.png */ = {isa = PBXFileReference; lastKnownFileType = image.png; path = message_arrow.png; sourceTree = "<group>"; };
		7A96A09F1B6A4C7700184EFF /* back_icon.png */ = {isa = PBXFileReference; lastKnownFileType = image.png; path = back_icon.png; sourceTree = "<group>"; };
		7A96A0A01B6A4C7700184EFF /* moreAction_icon.png */ = {isa = PBXFileReference; lastKnownFileType = image.png; path = moreAction_icon.png; sourceTree = "<group>"; };
		7A9C86C71B32DD490051D067 /* AlbumListCell.swift */ = {isa = PBXFileReference; fileEncoding = 4; lastKnownFileType = sourcecode.swift; path = AlbumListCell.swift; sourceTree = "<group>"; };
		7A9C86C91B3348700051D067 /* Manage_show.swift */ = {isa = PBXFileReference; fileEncoding = 4; lastKnownFileType = sourcecode.swift; path = Manage_show.swift; sourceTree = "<group>"; };
		7A9CD0A81B7EF72E00152C61 /* Collect_home.swift */ = {isa = PBXFileReference; fileEncoding = 4; lastKnownFileType = sourcecode.swift; path = Collect_home.swift; sourceTree = "<group>"; };
		7A9CD0AA1B7EFE7300152C61 /* CollectItem.swift */ = {isa = PBXFileReference; fileEncoding = 4; lastKnownFileType = sourcecode.swift; path = CollectItem.swift; sourceTree = "<group>"; };
		7AA07E131B6C55F200220D88 /* SliderShower.swift */ = {isa = PBXFileReference; fileEncoding = 4; lastKnownFileType = sourcecode.swift; path = SliderShower.swift; sourceTree = "<group>"; };
		7AA0E1AF1B46779E0070538F /* CoreAction.swift */ = {isa = PBXFileReference; fileEncoding = 4; lastKnownFileType = sourcecode.swift; path = CoreAction.swift; sourceTree = "<group>"; };
		7AA180A41B34034D005B42C0 /* CustomLayout.swift */ = {isa = PBXFileReference; fileEncoding = 4; lastKnownFileType = sourcecode.swift; path = CustomLayout.swift; sourceTree = "<group>"; };
		7AA180A61B341006005B42C0 /* PicsShowCell.swift */ = {isa = PBXFileReference; fileEncoding = 4; lastKnownFileType = sourcecode.swift; path = PicsShowCell.swift; sourceTree = "<group>"; };
		7AA180A81B3413EB005B42C0 /* Manage_pic.swift */ = {isa = PBXFileReference; fileEncoding = 4; lastKnownFileType = sourcecode.swift; path = Manage_pic.swift; sourceTree = "<group>"; };
		7AA26BA21B4D6DC0006CDC61 /* Setting_tags.swift */ = {isa = PBXFileReference; fileEncoding = 4; lastKnownFileType = sourcecode.swift; path = Setting_tags.swift; sourceTree = "<group>"; };
		7AA26BA41B4D7052006CDC61 /* Setting_sample.swift */ = {isa = PBXFileReference; fileEncoding = 4; lastKnownFileType = sourcecode.swift; path = Setting_sample.swift; sourceTree = "<group>"; };
		7AA26BA61B4D8C56006CDC61 /* icon_choose.png */ = {isa = PBXFileReference; lastKnownFileType = image.png; path = icon_choose.png; sourceTree = "<group>"; };
		7AA26BA91B4D8E69006CDC61 /* icon_unchoose.png */ = {isa = PBXFileReference; lastKnownFileType = image.png; path = icon_unchoose.png; sourceTree = "<group>"; };
		7AA26BAC1B4D9A15006CDC61 /* Setting_reply.swift */ = {isa = PBXFileReference; fileEncoding = 4; lastKnownFileType = sourcecode.swift; path = Setting_reply.swift; sourceTree = "<group>"; };
		7AA26BAF1B4D9A34006CDC61 /* Setting_power.swift */ = {isa = PBXFileReference; fileEncoding = 4; lastKnownFileType = sourcecode.swift; path = Setting_power.swift; sourceTree = "<group>"; };
		7AA26BB21B4D9A57006CDC61 /* Setting_range.swift */ = {isa = PBXFileReference; fileEncoding = 4; lastKnownFileType = sourcecode.swift; path = Setting_range.swift; sourceTree = "<group>"; };
		7AA4E9AD1B76F2B700B641B5 /* Friends_Home.swift */ = {isa = PBXFileReference; fileEncoding = 4; lastKnownFileType = sourcecode.swift; path = Friends_Home.swift; sourceTree = "<group>"; };
		7AA6A8CA1B4777C200D9E604 /* MainInterface.swift */ = {isa = PBXFileReference; fileEncoding = 4; lastKnownFileType = sourcecode.swift; path = MainInterface.swift; sourceTree = "<group>"; };
		7AA6B3E61B6BDC5E00904344 /* changeToPic.png */ = {isa = PBXFileReference; lastKnownFileType = image.png; path = changeToPic.png; sourceTree = "<group>"; };
		7AA740A51B347D690064C9C9 /* Manage_new.swift */ = {isa = PBXFileReference; fileEncoding = 4; lastKnownFileType = sourcecode.swift; path = Manage_new.swift; sourceTree = "<group>"; };
		7AA7AED51B72730800FF7EBC /* UserListCell.swift */ = {isa = PBXFileReference; fileEncoding = 4; lastKnownFileType = sourcecode.swift; path = UserListCell.swift; sourceTree = "<group>"; };
		7AA7AEDA1B73094F00FF7EBC /* add01.png */ = {isa = PBXFileReference; lastKnownFileType = image.png; path = add01.png; sourceTree = "<group>"; };
		7AA7AEDB1B73094F00FF7EBC /* add02.png */ = {isa = PBXFileReference; lastKnownFileType = image.png; path = add02.png; sourceTree = "<group>"; };
		7AA7AEDC1B73094F00FF7EBC /* camera.png */ = {isa = PBXFileReference; lastKnownFileType = image.png; path = camera.png; sourceTree = "<group>"; };
		7AA7AEDD1B73094F00FF7EBC /* picturer.png */ = {isa = PBXFileReference; lastKnownFileType = image.png; path = picturer.png; sourceTree = "<group>"; };
		7AA7AEDE1B73094F00FF7EBC /* search.png */ = {isa = PBXFileReference; lastKnownFileType = image.png; path = search.png; sourceTree = "<group>"; };
		7AA7AEE91B7315B700FF7EBC /* list_arrow.png */ = {isa = PBXFileReference; lastKnownFileType = image.png; path = list_arrow.png; sourceTree = "<group>"; };
		7AA7AEEC1B732C4700FF7EBC /* blank.png */ = {isa = PBXFileReference; lastKnownFileType = image.png; path = blank.png; sourceTree = "<group>"; };
		7AA7AEEF1B735B0F00FF7EBC /* back.png */ = {isa = PBXFileReference; lastKnownFileType = image.png; path = back.png; sourceTree = "<group>"; };
		7AA7AEF01B735B0F00FF7EBC /* edit.png */ = {isa = PBXFileReference; lastKnownFileType = image.png; path = edit.png; sourceTree = "<group>"; };
		7AA887C41B3F963B006BC338 /* icon_alert.png */ = {isa = PBXFileReference; lastKnownFileType = image.png; path = icon_alert.png; sourceTree = "<group>"; };
		7AA9ACB21B5133C0006B41FE /* PicView.swift */ = {isa = PBXFileReference; fileEncoding = 4; lastKnownFileType = sourcecode.swift; path = PicView.swift; sourceTree = "<group>"; };
		7AAA54E51B60B41100B304EE /* Inputer.swift */ = {isa = PBXFileReference; fileEncoding = 4; lastKnownFileType = sourcecode.swift; path = Inputer.swift; sourceTree = "<group>"; };
		7AAEA3451B833A4300DB5F54 /* blurBg.jpg */ = {isa = PBXFileReference; lastKnownFileType = image.jpeg; path = blurBg.jpg; sourceTree = "<group>"; };
		7AAEA34A1B833E5400DB5F54 /* LogoAnimation.swift */ = {isa = PBXFileReference; fileEncoding = 4; lastKnownFileType = sourcecode.swift; path = LogoAnimation.swift; sourceTree = "<group>"; };
		7AAEA34C1B83510000DB5F54 /* logo_triangle.png */ = {isa = PBXFileReference; lastKnownFileType = image.png; path = logo_triangle.png; sourceTree = "<group>"; };
		7AB251791B7F3B2E0029ED80 /* logo_black.png */ = {isa = PBXFileReference; lastKnownFileType = image.png; path = logo_black.png; sourceTree = "<group>"; };
		7AB2517F1B7F46690029ED80 /* message.png */ = {isa = PBXFileReference; lastKnownFileType = image.png; path = message.png; sourceTree = "<group>"; };
		7AB251831B7F4B010029ED80 /* pic_9.JPG */ = {isa = PBXFileReference; lastKnownFileType = image.jpeg; path = pic_9.JPG; sourceTree = "<group>"; };
		7AB251841B7F4B010029ED80 /* pic_8.JPG */ = {isa = PBXFileReference; lastKnownFileType = image.jpeg; path = pic_8.JPG; sourceTree = "<group>"; };
		7AB251851B7F4B010029ED80 /* pic_7.JPG */ = {isa = PBXFileReference; lastKnownFileType = image.jpeg; path = pic_7.JPG; sourceTree = "<group>"; };
		7AB251861B7F4B010029ED80 /* pic_6.JPG */ = {isa = PBXFileReference; lastKnownFileType = image.jpeg; path = pic_6.JPG; sourceTree = "<group>"; };
		7AB251871B7F4B010029ED80 /* pic_5.JPG */ = {isa = PBXFileReference; lastKnownFileType = image.jpeg; path = pic_5.JPG; sourceTree = "<group>"; };
		7AB251881B7F4B010029ED80 /* pic_4.JPG */ = {isa = PBXFileReference; lastKnownFileType = image.jpeg; path = pic_4.JPG; sourceTree = "<group>"; };
		7AB251891B7F4B010029ED80 /* pic_3.JPG */ = {isa = PBXFileReference; lastKnownFileType = image.jpeg; path = pic_3.JPG; sourceTree = "<group>"; };
		7AB2518A1B7F4B010029ED80 /* pic_2.JPG */ = {isa = PBXFileReference; lastKnownFileType = image.jpeg; path = pic_2.JPG; sourceTree = "<group>"; };
		7AB2518B1B7F4B010029ED80 /* pic_1.JPG */ = {isa = PBXFileReference; lastKnownFileType = image.jpeg; path = pic_1.JPG; sourceTree = "<group>"; };
		7AB251951B7F4B0F0029ED80 /* user_4.jpg */ = {isa = PBXFileReference; lastKnownFileType = image.jpeg; path = user_4.jpg; sourceTree = "<group>"; };
		7AB251961B7F4B0F0029ED80 /* user_5.jpg */ = {isa = PBXFileReference; lastKnownFileType = image.jpeg; path = user_5.jpg; sourceTree = "<group>"; };
		7AB251971B7F4B0F0029ED80 /* user_3.jpg */ = {isa = PBXFileReference; lastKnownFileType = image.jpeg; path = user_3.jpg; sourceTree = "<group>"; };
		7AB251981B7F4B0F0029ED80 /* user_1.jpg */ = {isa = PBXFileReference; lastKnownFileType = image.jpeg; path = user_1.jpg; sourceTree = "<group>"; };
		7AB251991B7F4B0F0029ED80 /* user_2.jpg */ = {isa = PBXFileReference; lastKnownFileType = image.jpeg; path = user_2.jpg; sourceTree = "<group>"; };
		7AB2519A1B7F4B0F0029ED80 /* user_6.jpg */ = {isa = PBXFileReference; lastKnownFileType = image.jpeg; path = user_6.jpg; sourceTree = "<group>"; };
		7AB2519B1B7F4B0F0029ED80 /* user_7.jpg */ = {isa = PBXFileReference; lastKnownFileType = image.jpeg; path = user_7.jpg; sourceTree = "<group>"; };
		7AB2519C1B7F4B0F0029ED80 /* user_8.jpg */ = {isa = PBXFileReference; lastKnownFileType = image.jpeg; path = user_8.jpg; sourceTree = "<group>"; };
		7AB2519D1B7F4B0F0029ED80 /* user_9.jpg */ = {isa = PBXFileReference; lastKnownFileType = image.jpeg; path = user_9.jpg; sourceTree = "<group>"; };
		7AB2519E1B7F4B0F0029ED80 /* user_10.jpg */ = {isa = PBXFileReference; lastKnownFileType = image.jpeg; path = user_10.jpg; sourceTree = "<group>"; };
		7AB2519F1B7F4B0F0029ED80 /* user_11.jpg */ = {isa = PBXFileReference; lastKnownFileType = image.jpeg; path = user_11.jpg; sourceTree = "<group>"; };
		7AB251AB1B7F4B3C0029ED80 /* logo_white.png */ = {isa = PBXFileReference; lastKnownFileType = image.png; path = logo_white.png; sourceTree = "<group>"; };
		7AB251AE1B7F4F5F0029ED80 /* ad_1.jpg */ = {isa = PBXFileReference; lastKnownFileType = image.jpeg; path = ad_1.jpg; sourceTree = "<group>"; };
		7AB251AF1B7F4F5F0029ED80 /* ad_2.jpg */ = {isa = PBXFileReference; lastKnownFileType = image.jpeg; path = ad_2.jpg; sourceTree = "<group>"; };
		7AB251B01B7F4F5F0029ED80 /* ad_3.jpg */ = {isa = PBXFileReference; lastKnownFileType = image.jpeg; path = ad_3.jpg; sourceTree = "<group>"; };
		7AB251B11B7F4F5F0029ED80 /* ad_4.jpg */ = {isa = PBXFileReference; lastKnownFileType = image.jpeg; path = ad_4.jpg; sourceTree = "<group>"; };
		7AB251B21B7F4F5F0029ED80 /* ad_5.jpg */ = {isa = PBXFileReference; lastKnownFileType = image.jpeg; path = ad_5.jpg; sourceTree = "<group>"; };
		7AC247461B4A669F00A5187B /* AlbumList.plist */ = {isa = PBXFileReference; fileEncoding = 4; lastKnownFileType = text.plist.xml; path = AlbumList.plist; sourceTree = "<group>"; };
		7AC55DAD1B3E97EE00FDC851 /* SocialHomeCell.swift */ = {isa = PBXFileReference; fileEncoding = 4; lastKnownFileType = sourcecode.swift; path = SocialHomeCell.swift; sourceTree = "<group>"; };
		7AC55DAF1B3E9C7D00FDC851 /* LayoutForSocailHome.swift */ = {isa = PBXFileReference; fileEncoding = 4; lastKnownFileType = sourcecode.swift; path = LayoutForSocailHome.swift; sourceTree = "<group>"; };
		7AC783821B405B6A00A75214 /* MyHomepage.swift */ = {isa = PBXFileReference; fileEncoding = 4; lastKnownFileType = sourcecode.swift; path = MyHomepage.swift; sourceTree = "<group>"; };
		7AC9B1231B70B1AC00D05787 /* search_icon.png */ = {isa = PBXFileReference; lastKnownFileType = image.png; path = search_icon.png; sourceTree = "<group>"; };
		7AC9B12C1B72437000D05787 /* SearchResult.swift */ = {isa = PBXFileReference; fileEncoding = 4; lastKnownFileType = sourcecode.swift; path = SearchResult.swift; sourceTree = "<group>"; };
		7ACFB3841B591A21007F9AB8 /* Manage_PicsToAlbum.swift */ = {isa = PBXFileReference; fileEncoding = 4; lastKnownFileType = sourcecode.swift; path = Manage_PicsToAlbum.swift; sourceTree = "<group>"; };
		7ADC30EF1B6B89070020220C /* changeToCollect_icon.png */ = {isa = PBXFileReference; lastKnownFileType = image.png; path = changeToCollect_icon.png; sourceTree = "<group>"; };
		7ADD50031B2D402000E44F99 /* Picturer.app */ = {isa = PBXFileReference; explicitFileType = wrapper.application; includeInIndex = 0; path = Picturer.app; sourceTree = BUILT_PRODUCTS_DIR; };
		7ADD50071B2D402000E44F99 /* Info.plist */ = {isa = PBXFileReference; lastKnownFileType = text.plist.xml; path = Info.plist; sourceTree = "<group>"; };
		7ADD50081B2D402000E44F99 /* AppDelegate.swift */ = {isa = PBXFileReference; lastKnownFileType = sourcecode.swift; path = AppDelegate.swift; sourceTree = "<group>"; };
		7ADD500B1B2D402000E44F99 /* Picturers.xcdatamodel */ = {isa = PBXFileReference; lastKnownFileType = wrapper.xcdatamodel; path = Picturers.xcdatamodel; sourceTree = "<group>"; };
		7ADD500D1B2D402000E44F99 /* ViewController.swift */ = {isa = PBXFileReference; lastKnownFileType = sourcecode.swift; path = ViewController.swift; sourceTree = "<group>"; };
		7ADD50101B2D402000E44F99 /* Base */ = {isa = PBXFileReference; lastKnownFileType = file.storyboard; name = Base; path = Base.lproj/Main.storyboard; sourceTree = "<group>"; };
		7ADD50121B2D402000E44F99 /* Images.xcassets */ = {isa = PBXFileReference; lastKnownFileType = folder.assetcatalog; path = Images.xcassets; sourceTree = "<group>"; };
		7ADD50151B2D402000E44F99 /* Base */ = {isa = PBXFileReference; lastKnownFileType = file.xib; name = Base; path = Base.lproj/LaunchScreen.xib; sourceTree = "<group>"; };
		7ADD501B1B2D402000E44F99 /* PicturerTests.xctest */ = {isa = PBXFileReference; explicitFileType = wrapper.cfbundle; includeInIndex = 0; path = PicturerTests.xctest; sourceTree = BUILT_PRODUCTS_DIR; };
		7ADD50201B2D402000E44F99 /* Info.plist */ = {isa = PBXFileReference; lastKnownFileType = text.plist.xml; path = Info.plist; sourceTree = "<group>"; };
		7ADD50211B2D402000E44F99 /* PicturersTests.swift */ = {isa = PBXFileReference; lastKnownFileType = sourcecode.swift; path = PicturersTests.swift; sourceTree = "<group>"; };
		7AEBE2CC1B54C76A00FC6E9D /* Manage_description.swift */ = {isa = PBXFileReference; fileEncoding = 4; lastKnownFileType = sourcecode.swift; path = Manage_description.swift; sourceTree = "<group>"; };
		7AEC21271B3D9CE800D19D22 /* Social_home.swift */ = {isa = PBXFileReference; fileEncoding = 4; lastKnownFileType = sourcecode.swift; path = Social_home.swift; sourceTree = "<group>"; };
		7AEC21291B3DA09600D19D22 /* SocialAlbumCell.swift */ = {isa = PBXFileReference; fileEncoding = 4; lastKnownFileType = sourcecode.swift; path = SocialAlbumCell.swift; sourceTree = "<group>"; };
		7AFB23521B317849001C75C9 /* tableTest.swift */ = {isa = PBXFileReference; fileEncoding = 4; lastKnownFileType = sourcecode.swift; path = tableTest.swift; sourceTree = "<group>"; };
		7AFE77231B6B9A940021E35E /* Social_pic.swift */ = {isa = PBXFileReference; fileEncoding = 4; lastKnownFileType = sourcecode.swift; path = Social_pic.swift; sourceTree = "<group>"; };
/* End PBXFileReference section */

/* Begin PBXFrameworksBuildPhase section */
		7ADD50001B2D402000E44F99 /* Frameworks */ = {
			isa = PBXFrameworksBuildPhase;
			buildActionMask = 2147483647;
			files = (
				7A2FCA6C1B5D596E00033925 /* SwiftHTTP.framework in Frameworks */,
			);
			runOnlyForDeploymentPostprocessing = 0;
		};
		7ADD50181B2D402000E44F99 /* Frameworks */ = {
			isa = PBXFrameworksBuildPhase;
			buildActionMask = 2147483647;
			files = (
				7A2FCA6A1B5D57E000033925 /* SwiftHTTP.framework in Frameworks */,
			);
			runOnlyForDeploymentPostprocessing = 0;
		};
/* End PBXFrameworksBuildPhase section */

/* Begin PBXGroup section */
		7A0A15D41B5E2D0B00A8C6F6 /* SwiftImageLoader-master */ = {
			isa = PBXGroup;
			children = (
				7A0A15D61B5E2D0B00A8C6F6 /* ImageLoader.swift */,
			);
			path = "SwiftImageLoader-master";
			sourceTree = "<group>";
		};
		7A0C1DBD1B307A9200C52A5D /* ViewControllers */ = {
			isa = PBXGroup;
			children = (
				7AADB5CB1B5E016100E059B6 /* Manage */,
				7A45766A1B5CA01700DDE09A /* Social */,
			);
			path = ViewControllers;
			sourceTree = "<group>";
		};
		7A2FCA311B5D57BB00033925 /* SwiftHTTP-master */ = {
			isa = PBXGroup;
			children = (
				7A2FCA331B5D57BB00033925 /* HTTPRequestSerializer.swift */,
				7A2FCA341B5D57BB00033925 /* HTTPResponseSerializer.swift */,
				7A2FCA351B5D57BB00033925 /* HTTPSecurity.swift */,
				7A2FCA361B5D57BB00033925 /* HTTPStatusCode.swift */,
				7A2FCA371B5D57BB00033925 /* HTTPTask.swift */,
				7A2FCA381B5D57BB00033925 /* HTTPUpload.swift */,
				7A2FCA391B5D57BB00033925 /* Info.plist */,
				7A2FCA3C1B5D57BB00033925 /* SwiftHTTP.h */,
				7A2FCA3D1B5D57BB00033925 /* SwiftHTTP.podspec */,
				7A2FCA3E1B5D57BB00033925 /* SwiftHTTP.xcodeproj */,
			);
			path = "SwiftHTTP-master";
			sourceTree = "<group>";
		};
		7A2FCA3F1B5D57BB00033925 /* Products */ = {
			isa = PBXGroup;
			children = (
				7A2FCA631B5D57BC00033925 /* SwiftHTTP.framework */,
				7A2FCA651B5D57BC00033925 /* SwiftHTTPTests.xctest */,
				7A2FCA671B5D57BC00033925 /* SwiftHTTP.framework */,
				7A2FCA691B5D57BC00033925 /* SwiftHTTPOSXTests.xctest */,
			);
			name = Products;
			sourceTree = "<group>";
		};
		7A45766A1B5CA01700DDE09A /* Social */ = {
			isa = PBXGroup;
			children = (
				7A45766B1B5CA09D00DDE09A /* classes */,
				7AC783821B405B6A00A75214 /* MyHomepage.swift */,
				7AA4E9AD1B76F2B700B641B5 /* Friends_Home.swift */,
				7A508EF51B65E4D5000FCA87 /* CommentList.swift */,
				7AFE77231B6B9A940021E35E /* Social_pic.swift */,
				7A2922B11B6A66AB0031B2F2 /* MessageList.swift */,
				7AEC21271B3D9CE800D19D22 /* Social_home.swift */,
				7A6F8A861B62AC29007F949A /* Discover_home.swift */,
				7AC9B12C1B72437000D05787 /* SearchResult.swift */,
				7A6F8A8B1B62AF14007F949A /* Discover_reference.swift */,
				7A6F8A8D1B62AFAF007F949A /* Discover_search.swift */,
				7A9CD0A81B7EF72E00152C61 /* Collect_home.swift */,
			);
			name = Social;
			sourceTree = "<group>";
		};
		7A45766B1B5CA09D00DDE09A /* classes */ = {
			isa = PBXGroup;
			children = (
				7A45766C1B5CA11500DDE09A /* PicAlbumMessageItem.swift */,
				7AAA54E51B60B41100B304EE /* Inputer.swift */,
				7A6F8A8F1B62C1C4007F949A /* CustomPresentationAnimationController.swift */,
				7A508EFA1B65F6F0000FCA87 /* CommentList_Cell.swift */,
				7A1D94F91B6A7B12009CCE10 /* MessageList_Cell.swift */,
				7AA07E131B6C55F200220D88 /* SliderShower.swift */,
				7AA7AED51B72730800FF7EBC /* UserListCell.swift */,
				7A9CD0AA1B7EFE7300152C61 /* CollectItem.swift */,
			);
			name = classes;
			sourceTree = "<group>";
		};
		7A45766E1B5CA7E900DDE09A /* components */ = {
			isa = PBXGroup;
			children = (
				7A0A15D41B5E2D0B00A8C6F6 /* SwiftImageLoader-master */,
				7A2FCA311B5D57BB00033925 /* SwiftHTTP-master */,
			);
			path = components;
			sourceTree = "<group>";
		};
		7A9C86B51B324F060051D067 /* MyClasses */ = {
			isa = PBXGroup;
			children = (
				7A9C86C71B32DD490051D067 /* AlbumListCell.swift */,
				7AA180A41B34034D005B42C0 /* CustomLayout.swift */,
				7AA180A61B341006005B42C0 /* PicsShowCell.swift */,
				7AEC21291B3DA09600D19D22 /* SocialAlbumCell.swift */,
				7AC55DAD1B3E97EE00FDC851 /* SocialHomeCell.swift */,
				7AC55DAF1B3E9C7D00FDC851 /* LayoutForSocailHome.swift */,
				7AA0E1AF1B46779E0070538F /* CoreAction.swift */,
				7AA6A8CA1B4777C200D9E604 /* MainInterface.swift */,
				7A1FF2431B4AA1E600CEFDAF /* MainAction.swift */,
				7AA9ACB21B5133C0006B41FE /* PicView.swift */,
				7AAEA34A1B833E5400DB5F54 /* LogoAnimation.swift */,
			);
			path = MyClasses;
			sourceTree = "<group>";
		};
		7A9C86B81B32D52D0051D067 /* pics */ = {
			isa = PBXGroup;
			children = (
				7AAEA3451B833A4300DB5F54 /* blurBg.jpg */,
				7AB251AD1B7F4F5F0029ED80 /* ad */,
				7AB251821B7F4ADB0029ED80 /* photo */,
				7AB251811B7F4ABE0029ED80 /* user */,
				7AB2517F1B7F46690029ED80 /* message.png */,
				7AB251791B7F3B2E0029ED80 /* logo_black.png */,
				7AA7AEEF1B735B0F00FF7EBC /* back.png */,
				7AA7AEF01B735B0F00FF7EBC /* edit.png */,
				7AA7AEEC1B732C4700FF7EBC /* blank.png */,
				7AA7AEE91B7315B700FF7EBC /* list_arrow.png */,
				7AA7AEDA1B73094F00FF7EBC /* add01.png */,
				7AA7AEDB1B73094F00FF7EBC /* add02.png */,
				7AA7AEDC1B73094F00FF7EBC /* camera.png */,
				7AA7AEDD1B73094F00FF7EBC /* picturer.png */,
				7AA7AEDE1B73094F00FF7EBC /* search.png */,
				7AC9B1231B70B1AC00D05787 /* search_icon.png */,
				7AA6B3E61B6BDC5E00904344 /* changeToPic.png */,
				7A96A0961B6A17DA00184EFF /* message_arrow.png */,
				7A21C4531B5FF62E00AC99DB /* toolsBtn.png */,
				7A1D94FE1B6B26E9009CCE10 /* collect.png */,
				7A21C44D1B5FF5E700AC99DB /* like.png */,
				7A0A15E01B5E998F00A8C6F6 /* noPic.png */,
				7A23A95E1B3E7913009B2E53 /* icon_1.png */,
				7AAEA34C1B83510000DB5F54 /* logo_triangle.png */,
				7A1FF2451B4AE48300CEFDAF /* newAlbum.png */,
				7ADC30EF1B6B89070020220C /* changeToCollect_icon.png */,
				7A8E3E031B4B9A7200243FA5 /* addIcon.png */,
				7A23A95F1B3E7913009B2E53 /* icon_2.png */,
				7AA26BA61B4D8C56006CDC61 /* icon_choose.png */,
				7A23A9601B3E7913009B2E53 /* icon_3.png */,
				7A23A9611B3E7913009B2E53 /* icon_4.png */,
				7A23A9621B3E7913009B2E53 /* icon_5.png */,
				7A23A9631B3E7913009B2E53 /* icon_6.png */,
				7AA887C41B3F963B006BC338 /* icon_alert.png */,
				7A23A9641B3E7913009B2E53 /* icon_7.png */,
				7A04ED511B3E720100E884FD /* entroLogo.png */,
				7AA26BA91B4D8E69006CDC61 /* icon_unchoose.png */,
				7A49DC981B354DB4004FAF14 /* pic_selected.png */,
				7A49DC991B354DB4004FAF14 /* pic_unSelected.png */,
				7A96A09F1B6A4C7700184EFF /* back_icon.png */,
				7A96A0A01B6A4C7700184EFF /* moreAction_icon.png */,
				7A2021D21B3C41CF0048AD7C /* camara.png */,
				7A2021D41B3C41DC0048AD7C /* arrow.png */,
			);
			name = pics;
			path = ../Picturer/pics;
			sourceTree = "<group>";
		};
		7AADB5CB1B5E016100E059B6 /* Manage */ = {
			isa = PBXGroup;
			children = (
				7A0C1DBE1B307AF900C52A5D /* Manage_home.swift */,
				7AFB23521B317849001C75C9 /* tableTest.swift */,
				7A9C86C91B3348700051D067 /* Manage_show.swift */,
				7AA180A81B3413EB005B42C0 /* Manage_pic.swift */,
				7AA740A51B347D690064C9C9 /* Manage_new.swift */,
				7A49DC961B3544A7004FAF14 /* Manage_imagePicker.swift */,
				7AA26BA21B4D6DC0006CDC61 /* Setting_tags.swift */,
				7AA26BA41B4D7052006CDC61 /* Setting_sample.swift */,
				7AA26BAC1B4D9A15006CDC61 /* Setting_reply.swift */,
				7AA26BAF1B4D9A34006CDC61 /* Setting_power.swift */,
				7AA26BB21B4D9A57006CDC61 /* Setting_range.swift */,
				7AEBE2CC1B54C76A00FC6E9D /* Manage_description.swift */,
				7ACFB3841B591A21007F9AB8 /* Manage_PicsToAlbum.swift */,
			);
			name = Manage;
			sourceTree = "<group>";
		};
		7AB251811B7F4ABE0029ED80 /* user */ = {
			isa = PBXGroup;
			children = (
				7AB251AB1B7F4B3C0029ED80 /* logo_white.png */,
				7AB251951B7F4B0F0029ED80 /* user_4.jpg */,
				7AB251961B7F4B0F0029ED80 /* user_5.jpg */,
				7AB251971B7F4B0F0029ED80 /* user_3.jpg */,
				7AB251981B7F4B0F0029ED80 /* user_1.jpg */,
				7AB251991B7F4B0F0029ED80 /* user_2.jpg */,
				7AB2519A1B7F4B0F0029ED80 /* user_6.jpg */,
				7AB2519B1B7F4B0F0029ED80 /* user_7.jpg */,
				7AB2519C1B7F4B0F0029ED80 /* user_8.jpg */,
				7AB2519D1B7F4B0F0029ED80 /* user_9.jpg */,
				7AB2519E1B7F4B0F0029ED80 /* user_10.jpg */,
				7AB2519F1B7F4B0F0029ED80 /* user_11.jpg */,
			);
			path = user;
			sourceTree = "<group>";
		};
		7AB251821B7F4ADB0029ED80 /* photo */ = {
			isa = PBXGroup;
			children = (
				7AB251831B7F4B010029ED80 /* pic_9.JPG */,
				7AB251841B7F4B010029ED80 /* pic_8.JPG */,
				7AB251851B7F4B010029ED80 /* pic_7.JPG */,
				7AB251861B7F4B010029ED80 /* pic_6.JPG */,
				7AB251871B7F4B010029ED80 /* pic_5.JPG */,
				7AB251881B7F4B010029ED80 /* pic_4.JPG */,
				7AB251891B7F4B010029ED80 /* pic_3.JPG */,
				7AB2518A1B7F4B010029ED80 /* pic_2.JPG */,
				7AB2518B1B7F4B010029ED80 /* pic_1.JPG */,
			);
			path = photo;
			sourceTree = "<group>";
		};
		7AB251AD1B7F4F5F0029ED80 /* ad */ = {
			isa = PBXGroup;
			children = (
				7AB251AE1B7F4F5F0029ED80 /* ad_1.jpg */,
				7AB251AF1B7F4F5F0029ED80 /* ad_2.jpg */,
				7AB251B01B7F4F5F0029ED80 /* ad_3.jpg */,
				7AB251B11B7F4F5F0029ED80 /* ad_4.jpg */,
				7AB251B21B7F4F5F0029ED80 /* ad_5.jpg */,
			);
			path = ad;
			sourceTree = "<group>";
		};
		7AC247451B4A669000A5187B /* resource */ = {
			isa = PBXGroup;
			children = (
				7AC247461B4A669F00A5187B /* AlbumList.plist */,
			);
			path = resource;
			sourceTree = "<group>";
		};
		7ADD4FFA1B2D402000E44F99 = {
			isa = PBXGroup;
			children = (
				7ADD50051B2D402000E44F99 /* Picturer */,
				7ADD501E1B2D402000E44F99 /* PicturerTests */,
				7ADD50041B2D402000E44F99 /* Products */,
			);
			sourceTree = "<group>";
		};
		7ADD50041B2D402000E44F99 /* Products */ = {
			isa = PBXGroup;
			children = (
				7ADD50031B2D402000E44F99 /* Picturer.app */,
				7ADD501B1B2D402000E44F99 /* PicturerTests.xctest */,
			);
			name = Products;
			sourceTree = "<group>";
		};
		7ADD50051B2D402000E44F99 /* Picturer */ = {
			isa = PBXGroup;
			children = (
				7A9C86B51B324F060051D067 /* MyClasses */,
				7A0C1DBD1B307A9200C52A5D /* ViewControllers */,
				7A45766E1B5CA7E900DDE09A /* components */,
				7AC247451B4A669000A5187B /* resource */,
				7A9C86B81B32D52D0051D067 /* pics */,
				7ADD50081B2D402000E44F99 /* AppDelegate.swift */,
				7ADD500D1B2D402000E44F99 /* ViewController.swift */,
				7ADD500F1B2D402000E44F99 /* Main.storyboard */,
				7ADD50121B2D402000E44F99 /* Images.xcassets */,
				7ADD50141B2D402000E44F99 /* LaunchScreen.xib */,
				7ADD500A1B2D402000E44F99 /* Picturers.xcdatamodeld */,
				7ADD50061B2D402000E44F99 /* Supporting Files */,
			);
			path = Picturer;
			sourceTree = "<group>";
		};
		7ADD50061B2D402000E44F99 /* Supporting Files */ = {
			isa = PBXGroup;
			children = (
				7ADD50071B2D402000E44F99 /* Info.plist */,
			);
			name = "Supporting Files";
			sourceTree = "<group>";
		};
		7ADD501E1B2D402000E44F99 /* PicturerTests */ = {
			isa = PBXGroup;
			children = (
				7ADD50211B2D402000E44F99 /* PicturersTests.swift */,
				7ADD501F1B2D402000E44F99 /* Supporting Files */,
			);
			path = PicturerTests;
			sourceTree = "<group>";
		};
		7ADD501F1B2D402000E44F99 /* Supporting Files */ = {
			isa = PBXGroup;
			children = (
				7ADD50201B2D402000E44F99 /* Info.plist */,
			);
			name = "Supporting Files";
			sourceTree = "<group>";
		};
/* End PBXGroup section */

/* Begin PBXNativeTarget section */
		7ADD50021B2D402000E44F99 /* Picturer */ = {
			isa = PBXNativeTarget;
			buildConfigurationList = 7ADD50251B2D402000E44F99 /* Build configuration list for PBXNativeTarget "Picturer" */;
			buildPhases = (
				7ADD4FFF1B2D402000E44F99 /* Sources */,
				7ADD50001B2D402000E44F99 /* Frameworks */,
				7ADD50011B2D402000E44F99 /* Resources */,
				7A2FCA701B5D596E00033925 /* Embed Frameworks */,
			);
			buildRules = (
			);
			dependencies = (
				7A2FCA6F1B5D596E00033925 /* PBXTargetDependency */,
			);
			name = Picturer;
			productName = Picturers;
			productReference = 7ADD50031B2D402000E44F99 /* Picturer.app */;
			productType = "com.apple.product-type.application";
		};
		7ADD501A1B2D402000E44F99 /* PicturerTests */ = {
			isa = PBXNativeTarget;
			buildConfigurationList = 7ADD50281B2D402000E44F99 /* Build configuration list for PBXNativeTarget "PicturerTests" */;
			buildPhases = (
				7ADD50171B2D402000E44F99 /* Sources */,
				7ADD50181B2D402000E44F99 /* Frameworks */,
				7ADD50191B2D402000E44F99 /* Resources */,
			);
			buildRules = (
			);
			dependencies = (
				7ADD501D1B2D402000E44F99 /* PBXTargetDependency */,
			);
			name = PicturerTests;
			productName = PicturersTests;
			productReference = 7ADD501B1B2D402000E44F99 /* PicturerTests.xctest */;
			productType = "com.apple.product-type.bundle.unit-test";
		};
/* End PBXNativeTarget section */

/* Begin PBXProject section */
		7ADD4FFB1B2D402000E44F99 /* Project object */ = {
			isa = PBXProject;
			attributes = {
				LastSwiftUpdateCheck = 0700;
				LastUpgradeCheck = 0640;
				ORGANIZATIONNAME = 4view;
				TargetAttributes = {
					7ADD50021B2D402000E44F99 = {
						CreatedOnToolsVersion = 6.4;
						DevelopmentTeam = F8S5PW28UZ;
					};
					7ADD501A1B2D402000E44F99 = {
						CreatedOnToolsVersion = 6.4;
						TestTargetID = 7ADD50021B2D402000E44F99;
					};
				};
			};
			buildConfigurationList = 7ADD4FFE1B2D402000E44F99 /* Build configuration list for PBXProject "Picturer" */;
			compatibilityVersion = "Xcode 3.2";
			developmentRegion = English;
			hasScannedForEncodings = 0;
			knownRegions = (
				en,
				Base,
			);
			mainGroup = 7ADD4FFA1B2D402000E44F99;
			productRefGroup = 7ADD50041B2D402000E44F99 /* Products */;
			projectDirPath = "";
			projectReferences = (
				{
					ProductGroup = 7A2FCA3F1B5D57BB00033925 /* Products */;
					ProjectRef = 7A2FCA3E1B5D57BB00033925 /* SwiftHTTP.xcodeproj */;
				},
			);
			projectRoot = "";
			targets = (
				7ADD50021B2D402000E44F99 /* Picturer */,
				7ADD501A1B2D402000E44F99 /* PicturerTests */,
			);
		};
/* End PBXProject section */

/* Begin PBXReferenceProxy section */
		7A2FCA631B5D57BC00033925 /* SwiftHTTP.framework */ = {
			isa = PBXReferenceProxy;
			fileType = wrapper.framework;
			path = SwiftHTTP.framework;
			remoteRef = 7A2FCA621B5D57BC00033925 /* PBXContainerItemProxy */;
			sourceTree = BUILT_PRODUCTS_DIR;
		};
		7A2FCA651B5D57BC00033925 /* SwiftHTTPTests.xctest */ = {
			isa = PBXReferenceProxy;
			fileType = wrapper.cfbundle;
			path = SwiftHTTPTests.xctest;
			remoteRef = 7A2FCA641B5D57BC00033925 /* PBXContainerItemProxy */;
			sourceTree = BUILT_PRODUCTS_DIR;
		};
		7A2FCA671B5D57BC00033925 /* SwiftHTTP.framework */ = {
			isa = PBXReferenceProxy;
			fileType = wrapper.framework;
			path = SwiftHTTP.framework;
			remoteRef = 7A2FCA661B5D57BC00033925 /* PBXContainerItemProxy */;
			sourceTree = BUILT_PRODUCTS_DIR;
		};
		7A2FCA691B5D57BC00033925 /* SwiftHTTPOSXTests.xctest */ = {
			isa = PBXReferenceProxy;
			fileType = wrapper.cfbundle;
			path = SwiftHTTPOSXTests.xctest;
			remoteRef = 7A2FCA681B5D57BC00033925 /* PBXContainerItemProxy */;
			sourceTree = BUILT_PRODUCTS_DIR;
		};
/* End PBXReferenceProxy section */

/* Begin PBXResourcesBuildPhase section */
		7ADD50011B2D402000E44F99 /* Resources */ = {
			isa = PBXResourcesBuildPhase;
			buildActionMask = 2147483647;
			files = (
				7AA7AEF31B735B0F00FF7EBC /* edit.png in Resources */,
				7AAEA3461B833A4300DB5F54 /* blurBg.jpg in Resources */,
				7A21C44E1B5FF5E700AC99DB /* like.png in Resources */,
				7A8E3E041B4B9A7200243FA5 /* addIcon.png in Resources */,
				7AB251801B7F46690029ED80 /* message.png in Resources */,
				7AB251B31B7F4F5F0029ED80 /* ad_1.jpg in Resources */,
				7AB2518F1B7F4B010029ED80 /* pic_6.JPG in Resources */,
				7A04ED521B3E720100E884FD /* entroLogo.png in Resources */,
				7A0A15E11B5E998F00A8C6F6 /* noPic.png in Resources */,
				7ADD50111B2D402000E44F99 /* Main.storyboard in Resources */,
				7AA7AEE51B73094F00FF7EBC /* picturer.png in Resources */,
				7A23A96A1B3E7913009B2E53 /* icon_6.png in Resources */,
				7AA26BAA1B4D8E69006CDC61 /* icon_unchoose.png in Resources */,
				7AB251A31B7F4B0F0029ED80 /* user_1.jpg in Resources */,
				7AB251B61B7F4F5F0029ED80 /* ad_4.jpg in Resources */,
				7A1D94FF1B6B26E9009CCE10 /* collect.png in Resources */,
				7A96A0A31B6A4C7700184EFF /* moreAction_icon.png in Resources */,
				7AA7AEE71B73094F00FF7EBC /* search.png in Resources */,
				7AB251A11B7F4B0F0029ED80 /* user_5.jpg in Resources */,
				7AA7AEE11B73094F00FF7EBC /* add02.png in Resources */,
				7A2FCA521B5D57BC00033925 /* Info.plist in Resources */,
				7A2021D31B3C41CF0048AD7C /* camara.png in Resources */,
				7AB251A01B7F4B0F0029ED80 /* user_4.jpg in Resources */,
				7ADC30F01B6B89070020220C /* changeToCollect_icon.png in Resources */,
				7AB2517B1B7F3B2E0029ED80 /* logo_black.png in Resources */,
				7A23A9651B3E7913009B2E53 /* icon_1.png in Resources */,
				7A2021D51B3C41DC0048AD7C /* arrow.png in Resources */,
				7AB251B71B7F4F5F0029ED80 /* ad_5.jpg in Resources */,
				7AB251A61B7F4B0F0029ED80 /* user_7.jpg in Resources */,
				7AB251901B7F4B010029ED80 /* pic_5.JPG in Resources */,
				7A21C4541B5FF62E00AC99DB /* toolsBtn.png in Resources */,
				7A1FF2461B4AE48300CEFDAF /* newAlbum.png in Resources */,
				7AB251A91B7F4B0F0029ED80 /* user_10.jpg in Resources */,
				7AB251A51B7F4B0F0029ED80 /* user_6.jpg in Resources */,
				7A96A0971B6A17DA00184EFF /* message_arrow.png in Resources */,
				7AB251A81B7F4B0F0029ED80 /* user_9.jpg in Resources */,
				7A23A96B1B3E7913009B2E53 /* icon_7.png in Resources */,
				7AB251921B7F4B010029ED80 /* pic_3.JPG in Resources */,
				7A23A9661B3E7913009B2E53 /* icon_2.png in Resources */,
				7AA7AEE31B73094F00FF7EBC /* camera.png in Resources */,
				7AB251911B7F4B010029ED80 /* pic_4.JPG in Resources */,
				7AB251A71B7F4B0F0029ED80 /* user_8.jpg in Resources */,
				7A23A9681B3E7913009B2E53 /* icon_4.png in Resources */,
				7AC9B1241B70B1AC00D05787 /* search_icon.png in Resources */,
				7AB251AA1B7F4B0F0029ED80 /* user_11.jpg in Resources */,
				7AC247471B4A669F00A5187B /* AlbumList.plist in Resources */,
				7AB251931B7F4B010029ED80 /* pic_2.JPG in Resources */,
				7A49DC9A1B354DB4004FAF14 /* pic_selected.png in Resources */,
				7AB2518D1B7F4B010029ED80 /* pic_8.JPG in Resources */,
				7AB251A41B7F4B0F0029ED80 /* user_2.jpg in Resources */,
				7A23A9691B3E7913009B2E53 /* icon_5.png in Resources */,
				7AA6B3E71B6BDC5E00904344 /* changeToPic.png in Resources */,
				7AB251A21B7F4B0F0029ED80 /* user_3.jpg in Resources */,
				7AB251941B7F4B010029ED80 /* pic_1.JPG in Resources */,
				7AA7AEED1B732C4700FF7EBC /* blank.png in Resources */,
				7A49DC9B1B354DB4004FAF14 /* pic_unSelected.png in Resources */,
				7AB251B41B7F4F5F0029ED80 /* ad_2.jpg in Resources */,
				7AB251AC1B7F4B3C0029ED80 /* logo_white.png in Resources */,
				7A23A9671B3E7913009B2E53 /* icon_3.png in Resources */,
				7A2FCA581B5D57BC00033925 /* SwiftHTTP.podspec in Resources */,
				7A96A0A11B6A4C7700184EFF /* back_icon.png in Resources */,
				7AA887C51B3F963B006BC338 /* icon_alert.png in Resources */,
				7AA7AEEA1B7315B700FF7EBC /* list_arrow.png in Resources */,
				7AA26BA71B4D8C56006CDC61 /* icon_choose.png in Resources */,
				7AA7AEF11B735B0F00FF7EBC /* back.png in Resources */,
				7AB2518C1B7F4B010029ED80 /* pic_9.JPG in Resources */,
				7AAEA34D1B83510000DB5F54 /* logo_triangle.png in Resources */,
				7AB2518E1B7F4B010029ED80 /* pic_7.JPG in Resources */,
				7ADD50161B2D402000E44F99 /* LaunchScreen.xib in Resources */,
				7AA7AEDF1B73094F00FF7EBC /* add01.png in Resources */,
				7AB251B51B7F4F5F0029ED80 /* ad_3.jpg in Resources */,
				7ADD50131B2D402000E44F99 /* Images.xcassets in Resources */,
			);
			runOnlyForDeploymentPostprocessing = 0;
		};
		7ADD50191B2D402000E44F99 /* Resources */ = {
			isa = PBXResourcesBuildPhase;
			buildActionMask = 2147483647;
			files = (
				7AC9B1251B70B1AC00D05787 /* search_icon.png in Resources */,
				7ADC30F11B6B89070020220C /* changeToCollect_icon.png in Resources */,
				7A21C44F1B5FF5E700AC99DB /* like.png in Resources */,
				7AA26BAB1B4D8E69006CDC61 /* icon_unchoose.png in Resources */,
				7A2FCA591B5D57BC00033925 /* SwiftHTTP.podspec in Resources */,
				7A2FCA531B5D57BC00033925 /* Info.plist in Resources */,
				7AA7AEF41B735B0F00FF7EBC /* edit.png in Resources */,
				7AA6B3E81B6BDC5E00904344 /* changeToPic.png in Resources */,
				7AA26BA81B4D8C56006CDC61 /* icon_choose.png in Resources */,
				7A21C4551B5FF62E00AC99DB /* toolsBtn.png in Resources */,
				7AA7AEE61B73094F00FF7EBC /* picturer.png in Resources */,
				7AA7AEE81B73094F00FF7EBC /* search.png in Resources */,
				7A96A0A21B6A4C7700184EFF /* back_icon.png in Resources */,
				7A96A0A41B6A4C7700184EFF /* moreAction_icon.png in Resources */,
				7AA7AEEB1B7315B700FF7EBC /* list_arrow.png in Resources */,
				7AA7AEEE1B732C4700FF7EBC /* blank.png in Resources */,
				7AA7AEE21B73094F00FF7EBC /* add02.png in Resources */,
				7A0A15E21B5E998F00A8C6F6 /* noPic.png in Resources */,
				7A96A0981B6A17DA00184EFF /* message_arrow.png in Resources */,
				7AA7AEE01B73094F00FF7EBC /* add01.png in Resources */,
				7A1D95001B6B26E9009CCE10 /* collect.png in Resources */,
				7AA7AEF21B735B0F00FF7EBC /* back.png in Resources */,
				7AA7AEE41B73094F00FF7EBC /* camera.png in Resources */,
				7A8E3E051B4B9A7200243FA5 /* addIcon.png in Resources */,
				7A1FF2471B4AE48300CEFDAF /* newAlbum.png in Resources */,
			);
			runOnlyForDeploymentPostprocessing = 0;
		};
/* End PBXResourcesBuildPhase section */

/* Begin PBXSourcesBuildPhase section */
		7ADD4FFF1B2D402000E44F99 /* Sources */ = {
			isa = PBXSourcesBuildPhase;
			buildActionMask = 2147483647;
			files = (
				7AA7AED61B72730800FF7EBC /* UserListCell.swift in Sources */,
				7A9CD0AB1B7EFE7300152C61 /* CollectItem.swift in Sources */,
				7A2FCA4E1B5D57BC00033925 /* HTTPTask.swift in Sources */,
				7AA26BB01B4D9A34006CDC61 /* Setting_power.swift in Sources */,
				7AA180A51B34034D005B42C0 /* CustomLayout.swift in Sources */,
				7A9CD0A91B7EF72E00152C61 /* Collect_home.swift in Sources */,
				7AA07E141B6C55F200220D88 /* SliderShower.swift in Sources */,
				7AA740A61B347D690064C9C9 /* Manage_new.swift in Sources */,
				7AA180A91B3413EB005B42C0 /* Manage_pic.swift in Sources */,
				7A508EF61B65E4D5000FCA87 /* CommentList.swift in Sources */,
				7AC55DAE1B3E97EE00FDC851 /* SocialHomeCell.swift in Sources */,
				7A2FCA4A1B5D57BC00033925 /* HTTPSecurity.swift in Sources */,
				7A1FF2441B4AA1E600CEFDAF /* MainAction.swift in Sources */,
				7AA180A71B341006005B42C0 /* PicsShowCell.swift in Sources */,
				7AFB23531B317849001C75C9 /* tableTest.swift in Sources */,
				7A6F8A901B62C1C4007F949A /* CustomPresentationAnimationController.swift in Sources */,
				7ADD500E1B2D402000E44F99 /* ViewController.swift in Sources */,
				7A0C1DBF1B307AF900C52A5D /* Manage_home.swift in Sources */,
				7AC55DB01B3E9C7D00FDC851 /* LayoutForSocailHome.swift in Sources */,
				7AC783831B405B6A00A75214 /* MyHomepage.swift in Sources */,
				7A0A15DA1B5E2D0B00A8C6F6 /* ImageLoader.swift in Sources */,
				7A6F8A871B62AC29007F949A /* Discover_home.swift in Sources */,
				7A508EFB1B65F6F0000FCA87 /* CommentList_Cell.swift in Sources */,
				7A9C86C81B32DD490051D067 /* AlbumListCell.swift in Sources */,
				7A49DC971B3544A7004FAF14 /* Manage_imagePicker.swift in Sources */,
				7A6F8A8C1B62AF14007F949A /* Discover_reference.swift in Sources */,
				7AFE77241B6B9A940021E35E /* Social_pic.swift in Sources */,
				7A2FCA501B5D57BC00033925 /* HTTPUpload.swift in Sources */,
				7ACFB3851B591A21007F9AB8 /* Manage_PicsToAlbum.swift in Sources */,
				7AEC21281B3D9CE800D19D22 /* Social_home.swift in Sources */,
				7AAEA34B1B833E5400DB5F54 /* LogoAnimation.swift in Sources */,
				7ADD50091B2D402000E44F99 /* AppDelegate.swift in Sources */,
				7A2FCA481B5D57BC00033925 /* HTTPResponseSerializer.swift in Sources */,
				7AEC212A1B3DA09600D19D22 /* SocialAlbumCell.swift in Sources */,
				7AAA54E61B60B41100B304EE /* Inputer.swift in Sources */,
				7A2922B21B6A66AB0031B2F2 /* MessageList.swift in Sources */,
				7AA26BAD1B4D9A15006CDC61 /* Setting_reply.swift in Sources */,
				7AA26BA51B4D7052006CDC61 /* Setting_sample.swift in Sources */,
				7A9C86CA1B3348700051D067 /* Manage_show.swift in Sources */,
				7ADD500C1B2D402000E44F99 /* Picturers.xcdatamodeld in Sources */,
				7AC9B12D1B72437000D05787 /* SearchResult.swift in Sources */,
				7AEBE2CD1B54C76A00FC6E9D /* Manage_description.swift in Sources */,
				7A1D94FA1B6A7B12009CCE10 /* MessageList_Cell.swift in Sources */,
				7AA9ACB31B5133C0006B41FE /* PicView.swift in Sources */,
				7AA0E1B01B46779E0070538F /* CoreAction.swift in Sources */,
				7A45766D1B5CA11500DDE09A /* PicAlbumMessageItem.swift in Sources */,
				7AA6A8CB1B4777C200D9E604 /* MainInterface.swift in Sources */,
				7A2FCA461B5D57BC00033925 /* HTTPRequestSerializer.swift in Sources */,
				7A6F8A8E1B62AFAF007F949A /* Discover_search.swift in Sources */,
				7AA4E9AE1B76F2B700B641B5 /* Friends_Home.swift in Sources */,
				7A2FCA4C1B5D57BC00033925 /* HTTPStatusCode.swift in Sources */,
				7AA26BB31B4D9A57006CDC61 /* Setting_range.swift in Sources */,
				7AA26BA31B4D6DC0006CDC61 /* Setting_tags.swift in Sources */,
			);
			runOnlyForDeploymentPostprocessing = 0;
		};
		7ADD50171B2D402000E44F99 /* Sources */ = {
			isa = PBXSourcesBuildPhase;
			buildActionMask = 2147483647;
			files = (
				7AA26BB41B4D9A57006CDC61 /* Setting_range.swift in Sources */,
				7AA26BB11B4D9A34006CDC61 /* Setting_power.swift in Sources */,
				7A2FCA4B1B5D57BC00033925 /* HTTPSecurity.swift in Sources */,
				7A2FCA4F1B5D57BC00033925 /* HTTPTask.swift in Sources */,
				7AC9B1331B724D8400D05787 /* MainAction.swift in Sources */,
				7A2FCA491B5D57BC00033925 /* HTTPResponseSerializer.swift in Sources */,
				7A2FCA471B5D57BC00033925 /* HTTPRequestSerializer.swift in Sources */,
				7A2FCA511B5D57BC00033925 /* HTTPUpload.swift in Sources */,
				7ADD50221B2D402000E44F99 /* PicturersTests.swift in Sources */,
				7A2FCA4D1B5D57BC00033925 /* HTTPStatusCode.swift in Sources */,
				7AA26BAE1B4D9A15006CDC61 /* Setting_reply.swift in Sources */,
			);
			runOnlyForDeploymentPostprocessing = 0;
		};
/* End PBXSourcesBuildPhase section */

/* Begin PBXTargetDependency section */
		7A2FCA6F1B5D596E00033925 /* PBXTargetDependency */ = {
			isa = PBXTargetDependency;
			name = SwiftHTTP;
			targetProxy = 7A2FCA6E1B5D596E00033925 /* PBXContainerItemProxy */;
		};
		7ADD501D1B2D402000E44F99 /* PBXTargetDependency */ = {
			isa = PBXTargetDependency;
			target = 7ADD50021B2D402000E44F99 /* Picturer */;
			targetProxy = 7ADD501C1B2D402000E44F99 /* PBXContainerItemProxy */;
		};
/* End PBXTargetDependency section */

/* Begin PBXVariantGroup section */
		7ADD500F1B2D402000E44F99 /* Main.storyboard */ = {
			isa = PBXVariantGroup;
			children = (
				7ADD50101B2D402000E44F99 /* Base */,
			);
			name = Main.storyboard;
			sourceTree = "<group>";
		};
		7ADD50141B2D402000E44F99 /* LaunchScreen.xib */ = {
			isa = PBXVariantGroup;
			children = (
				7ADD50151B2D402000E44F99 /* Base */,
			);
			name = LaunchScreen.xib;
			sourceTree = "<group>";
		};
/* End PBXVariantGroup section */

/* Begin XCBuildConfiguration section */
		7ADD50231B2D402000E44F99 /* Debug */ = {
			isa = XCBuildConfiguration;
			buildSettings = {
				ALWAYS_SEARCH_USER_PATHS = NO;
				CLANG_CXX_LANGUAGE_STANDARD = "gnu++0x";
				CLANG_CXX_LIBRARY = "libc++";
				CLANG_ENABLE_MODULES = YES;
				CLANG_ENABLE_OBJC_ARC = YES;
				CLANG_WARN_BOOL_CONVERSION = YES;
				CLANG_WARN_CONSTANT_CONVERSION = YES;
				CLANG_WARN_DIRECT_OBJC_ISA_USAGE = YES_ERROR;
				CLANG_WARN_EMPTY_BODY = YES;
				CLANG_WARN_ENUM_CONVERSION = YES;
				CLANG_WARN_INT_CONVERSION = YES;
				CLANG_WARN_OBJC_ROOT_CLASS = YES_ERROR;
				CLANG_WARN_UNREACHABLE_CODE = YES;
				CLANG_WARN__DUPLICATE_METHOD_MATCH = YES;
				"CODE_SIGN_IDENTITY[sdk=iphoneos*]" = "iPhone Developer";
				COPY_PHASE_STRIP = NO;
				DEBUG_INFORMATION_FORMAT = "dwarf-with-dsym";
				ENABLE_STRICT_OBJC_MSGSEND = YES;
				GCC_C_LANGUAGE_STANDARD = gnu99;
				GCC_DYNAMIC_NO_PIC = NO;
				GCC_NO_COMMON_BLOCKS = YES;
				GCC_OPTIMIZATION_LEVEL = 0;
				GCC_PREPROCESSOR_DEFINITIONS = (
					"DEBUG=1",
					"$(inherited)",
				);
				GCC_SYMBOLS_PRIVATE_EXTERN = NO;
				GCC_WARN_64_TO_32_BIT_CONVERSION = YES;
				GCC_WARN_ABOUT_RETURN_TYPE = YES_ERROR;
				GCC_WARN_UNDECLARED_SELECTOR = YES;
				GCC_WARN_UNINITIALIZED_AUTOS = YES_AGGRESSIVE;
				GCC_WARN_UNUSED_FUNCTION = YES;
				GCC_WARN_UNUSED_VARIABLE = YES;
				IPHONEOS_DEPLOYMENT_TARGET = 8.1;
				MTL_ENABLE_DEBUG_INFO = YES;
				ONLY_ACTIVE_ARCH = YES;
				SDKROOT = iphoneos;
				SWIFT_OPTIMIZATION_LEVEL = "-Onone";
				VALID_ARCHS = "armv7 armv7s arm64";
			};
			name = Debug;
		};
		7ADD50241B2D402000E44F99 /* Release */ = {
			isa = XCBuildConfiguration;
			buildSettings = {
				ALWAYS_SEARCH_USER_PATHS = NO;
				CLANG_CXX_LANGUAGE_STANDARD = "gnu++0x";
				CLANG_CXX_LIBRARY = "libc++";
				CLANG_ENABLE_MODULES = YES;
				CLANG_ENABLE_OBJC_ARC = YES;
				CLANG_WARN_BOOL_CONVERSION = YES;
				CLANG_WARN_CONSTANT_CONVERSION = YES;
				CLANG_WARN_DIRECT_OBJC_ISA_USAGE = YES_ERROR;
				CLANG_WARN_EMPTY_BODY = YES;
				CLANG_WARN_ENUM_CONVERSION = YES;
				CLANG_WARN_INT_CONVERSION = YES;
				CLANG_WARN_OBJC_ROOT_CLASS = YES_ERROR;
				CLANG_WARN_UNREACHABLE_CODE = YES;
				CLANG_WARN__DUPLICATE_METHOD_MATCH = YES;
				"CODE_SIGN_IDENTITY[sdk=iphoneos*]" = "iPhone Developer";
				COPY_PHASE_STRIP = NO;
				DEBUG_INFORMATION_FORMAT = "dwarf-with-dsym";
				ENABLE_NS_ASSERTIONS = NO;
				ENABLE_STRICT_OBJC_MSGSEND = YES;
				GCC_C_LANGUAGE_STANDARD = gnu99;
				GCC_NO_COMMON_BLOCKS = YES;
				GCC_WARN_64_TO_32_BIT_CONVERSION = YES;
				GCC_WARN_ABOUT_RETURN_TYPE = YES_ERROR;
				GCC_WARN_UNDECLARED_SELECTOR = YES;
				GCC_WARN_UNINITIALIZED_AUTOS = YES_AGGRESSIVE;
				GCC_WARN_UNUSED_FUNCTION = YES;
				GCC_WARN_UNUSED_VARIABLE = YES;
				IPHONEOS_DEPLOYMENT_TARGET = 8.1;
				MTL_ENABLE_DEBUG_INFO = NO;
				SDKROOT = iphoneos;
				VALIDATE_PRODUCT = YES;
				VALID_ARCHS = "armv7 armv7s arm64";
			};
			name = Release;
		};
		7ADD50261B2D402000E44F99 /* Debug */ = {
			isa = XCBuildConfiguration;
			buildSettings = {
				ASSETCATALOG_COMPILER_APPICON_NAME = AppIcon;
				CODE_SIGN_IDENTITY = "iPhone Developer";
				"CODE_SIGN_IDENTITY[sdk=iphoneos*]" = "iPhone Developer";
				INFOPLIST_FILE = "$(SRCROOT)/Picturer/Info.plist";
				IPHONEOS_DEPLOYMENT_TARGET = 8.0;
				LD_RUNPATH_SEARCH_PATHS = "$(inherited) @executable_path/Frameworks";
				PRODUCT_NAME = Picturer;
				PROVISIONING_PROFILE = "";
			};
			name = Debug;
		};
		7ADD50271B2D402000E44F99 /* Release */ = {
			isa = XCBuildConfiguration;
			buildSettings = {
				ASSETCATALOG_COMPILER_APPICON_NAME = AppIcon;
				CODE_SIGN_IDENTITY = "iPhone Developer";
				"CODE_SIGN_IDENTITY[sdk=iphoneos*]" = "iPhone Developer";
				INFOPLIST_FILE = "$(SRCROOT)/Picturer/Info.plist";
				IPHONEOS_DEPLOYMENT_TARGET = 8.0;
				LD_RUNPATH_SEARCH_PATHS = "$(inherited) @executable_path/Frameworks";
				PRODUCT_NAME = Picturer;
				PROVISIONING_PROFILE = "";
			};
			name = Release;
		};
		7ADD50291B2D402000E44F99 /* Debug */ = {
			isa = XCBuildConfiguration;
			buildSettings = {
				BUNDLE_LOADER = "$(TEST_HOST)";
				FRAMEWORK_SEARCH_PATHS = (
					"$(SDKROOT)/Developer/Library/Frameworks",
					"$(inherited)",
				);
				GCC_PREPROCESSOR_DEFINITIONS = (
					"DEBUG=1",
					"$(inherited)",
				);
				INFOPLIST_FILE = PicturerTests/Info.plist;
				LD_RUNPATH_SEARCH_PATHS = "$(inherited) @executable_path/Frameworks @loader_path/Frameworks";
				PRODUCT_NAME = PicturerTests;
				TEST_HOST = "$(BUILT_PRODUCTS_DIR)/Picturer.app/Picturer";
			};
			name = Debug;
		};
		7ADD502A1B2D402000E44F99 /* Release */ = {
			isa = XCBuildConfiguration;
			buildSettings = {
				BUNDLE_LOADER = "$(TEST_HOST)";
				FRAMEWORK_SEARCH_PATHS = (
					"$(SDKROOT)/Developer/Library/Frameworks",
					"$(inherited)",
				);
				INFOPLIST_FILE = PicturerTests/Info.plist;
				LD_RUNPATH_SEARCH_PATHS = "$(inherited) @executable_path/Frameworks @loader_path/Frameworks";
				PRODUCT_NAME = PicturerTests;
				TEST_HOST = "$(BUILT_PRODUCTS_DIR)/Picturer.app/Picturer";
			};
			name = Release;
		};
/* End XCBuildConfiguration section */

/* Begin XCConfigurationList section */
		7ADD4FFE1B2D402000E44F99 /* Build configuration list for PBXProject "Picturer" */ = {
			isa = XCConfigurationList;
			buildConfigurations = (
				7ADD50231B2D402000E44F99 /* Debug */,
				7ADD50241B2D402000E44F99 /* Release */,
			);
			defaultConfigurationIsVisible = 0;
			defaultConfigurationName = Release;
		};
		7ADD50251B2D402000E44F99 /* Build configuration list for PBXNativeTarget "Picturer" */ = {
			isa = XCConfigurationList;
			buildConfigurations = (
				7ADD50261B2D402000E44F99 /* Debug */,
				7ADD50271B2D402000E44F99 /* Release */,
			);
			defaultConfigurationIsVisible = 0;
			defaultConfigurationName = Release;
		};
		7ADD50281B2D402000E44F99 /* Build configuration list for PBXNativeTarget "PicturerTests" */ = {
			isa = XCConfigurationList;
			buildConfigurations = (
				7ADD50291B2D402000E44F99 /* Debug */,
				7ADD502A1B2D402000E44F99 /* Release */,
			);
			defaultConfigurationIsVisible = 0;
			defaultConfigurationName = Release;
		};
/* End XCConfigurationList section */

/* Begin XCVersionGroup section */
		7ADD500A1B2D402000E44F99 /* Picturers.xcdatamodeld */ = {
			isa = XCVersionGroup;
			children = (
				7ADD500B1B2D402000E44F99 /* Picturers.xcdatamodel */,
			);
			currentVersion = 7ADD500B1B2D402000E44F99 /* Picturers.xcdatamodel */;
			path = Picturers.xcdatamodeld;
			sourceTree = "<group>";
			versionGroupType = wrapper.xcdatamodel;
		};
/* End XCVersionGroup section */
	};
	rootObject = 7ADD4FFB1B2D402000E44F99 /* Project object */;
}
